// !$*UTF8*$!
{
	archiveVersion = 1;
	classes = {
	};
	objectVersion = 46;
	objects = {

/* Begin PBXBuildFile section */
		1AC6FB21180E996B004C840B /* libcocos2d Mac.a in Frameworks */ = {isa = PBXBuildFile; fileRef = 1AC6FAF9180E9839004C840B /* libcocos2d Mac.a */; };
		1AC6FB30180E99EB004C840B /* libcocos2d iOS.a in Frameworks */ = {isa = PBXBuildFile; fileRef = 1AC6FB07180E9839004C840B /* libcocos2d iOS.a */; };
		1D60589F0D05DD5A006BFB54 /* Foundation.framework in Frameworks */ = {isa = PBXBuildFile; fileRef = 1D30AB110D05D00D00671497 /* Foundation.framework */; };
		1DF5F4E00D08C38300B7A737 /* UIKit.framework in Frameworks */ = {isa = PBXBuildFile; fileRef = 1DF5F4DF0D08C38300B7A737 /* UIKit.framework */; };
		288765A50DF7441C002DB57D /* CoreGraphics.framework in Frameworks */ = {isa = PBXBuildFile; fileRef = 288765A40DF7441C002DB57D /* CoreGraphics.framework */; };
		3A0565D51B8ED3C000113EFB /* ElasticityScene.cpp in Sources */ = {isa = PBXBuildFile; fileRef = 3A0565D31B8ED3C000113EFB /* ElasticityScene.cpp */; };
		3A0565D61B8ED3C000113EFB /* ElasticityScene.cpp in Sources */ = {isa = PBXBuildFile; fileRef = 3A0565D31B8ED3C000113EFB /* ElasticityScene.cpp */; };
		3A0565E31B8EF6FD00113EFB /* menu_0003.png in Resources */ = {isa = PBXBuildFile; fileRef = 3A0565D71B8EF6FD00113EFB /* menu_0003.png */; };
		3A0565E41B8EF6FD00113EFB /* menu_0003.png in Resources */ = {isa = PBXBuildFile; fileRef = 3A0565D71B8EF6FD00113EFB /* menu_0003.png */; };
		3A0565E51B8EF6FD00113EFB /* menu_0002.png in Resources */ = {isa = PBXBuildFile; fileRef = 3A0565D81B8EF6FD00113EFB /* menu_0002.png */; };
		3A0565E61B8EF6FD00113EFB /* menu_0002.png in Resources */ = {isa = PBXBuildFile; fileRef = 3A0565D81B8EF6FD00113EFB /* menu_0002.png */; };
		3A0565E71B8EF6FD00113EFB /* menu_0000.png in Resources */ = {isa = PBXBuildFile; fileRef = 3A0565D91B8EF6FD00113EFB /* menu_0000.png */; };
		3A0565E81B8EF6FD00113EFB /* menu_0000.png in Resources */ = {isa = PBXBuildFile; fileRef = 3A0565D91B8EF6FD00113EFB /* menu_0000.png */; };
		3A0565E91B8EF6FD00113EFB /* menu_0001.png in Resources */ = {isa = PBXBuildFile; fileRef = 3A0565DA1B8EF6FD00113EFB /* menu_0001.png */; };
		3A0565EA1B8EF6FD00113EFB /* menu_0001.png in Resources */ = {isa = PBXBuildFile; fileRef = 3A0565DA1B8EF6FD00113EFB /* menu_0001.png */; };
		3A0565F51B8EF6FD00113EFB /* menu_bg1.png in Resources */ = {isa = PBXBuildFile; fileRef = 3A0565E01B8EF6FD00113EFB /* menu_bg1.png */; };
		3A0565F61B8EF6FD00113EFB /* menu_bg1.png in Resources */ = {isa = PBXBuildFile; fileRef = 3A0565E01B8EF6FD00113EFB /* menu_bg1.png */; };
		3A0565F71B8EF6FD00113EFB /* menu_bg2.png in Resources */ = {isa = PBXBuildFile; fileRef = 3A0565E11B8EF6FD00113EFB /* menu_bg2.png */; };
		3A0565F81B8EF6FD00113EFB /* menu_bg2.png in Resources */ = {isa = PBXBuildFile; fileRef = 3A0565E11B8EF6FD00113EFB /* menu_bg2.png */; };
		3A0565F91B8EF6FD00113EFB /* menu_bg3.png in Resources */ = {isa = PBXBuildFile; fileRef = 3A0565E21B8EF6FD00113EFB /* menu_bg3.png */; };
		3A0565FA1B8EF6FD00113EFB /* menu_bg3.png in Resources */ = {isa = PBXBuildFile; fileRef = 3A0565E21B8EF6FD00113EFB /* menu_bg3.png */; };
		3A0566031B8F168800113EFB /* menu_btn_bg.png in Resources */ = {isa = PBXBuildFile; fileRef = 3A0566021B8F168800113EFB /* menu_btn_bg.png */; };
		3A0566041B8F168800113EFB /* menu_btn_bg.png in Resources */ = {isa = PBXBuildFile; fileRef = 3A0566021B8F168800113EFB /* menu_btn_bg.png */; };
		3A0566081B8F173500113EFB /* stagelabel.fnt in Resources */ = {isa = PBXBuildFile; fileRef = 3A0566051B8F173500113EFB /* stagelabel.fnt */; };
		3A0566091B8F173500113EFB /* stagelabel.fnt in Resources */ = {isa = PBXBuildFile; fileRef = 3A0566051B8F173500113EFB /* stagelabel.fnt */; };
		3A05660A1B8F173500113EFB /* stagelabel.png in Resources */ = {isa = PBXBuildFile; fileRef = 3A0566061B8F173500113EFB /* stagelabel.png */; };
		3A05660B1B8F173500113EFB /* stagelabel.png in Resources */ = {isa = PBXBuildFile; fileRef = 3A0566061B8F173500113EFB /* stagelabel.png */; };
		3A0566161B8F1C6000113EFB /* menu_0004.png in Resources */ = {isa = PBXBuildFile; fileRef = 3A0566111B8F1C6000113EFB /* menu_0004.png */; };
		3A0566171B8F1C6000113EFB /* menu_0004.png in Resources */ = {isa = PBXBuildFile; fileRef = 3A0566111B8F1C6000113EFB /* menu_0004.png */; };
		3A0566181B8F1C6000113EFB /* menu_0006.png in Resources */ = {isa = PBXBuildFile; fileRef = 3A0566121B8F1C6000113EFB /* menu_0006.png */; };
		3A0566191B8F1C6000113EFB /* menu_0006.png in Resources */ = {isa = PBXBuildFile; fileRef = 3A0566121B8F1C6000113EFB /* menu_0006.png */; };
		3A05661A1B8F1C6000113EFB /* menu_0008.png in Resources */ = {isa = PBXBuildFile; fileRef = 3A0566131B8F1C6000113EFB /* menu_0008.png */; };
		3A05661B1B8F1C6000113EFB /* menu_0008.png in Resources */ = {isa = PBXBuildFile; fileRef = 3A0566131B8F1C6000113EFB /* menu_0008.png */; };
		3A05661C1B8F1C6000113EFB /* menu_0010.png in Resources */ = {isa = PBXBuildFile; fileRef = 3A0566141B8F1C6000113EFB /* menu_0010.png */; };
		3A05661D1B8F1C6000113EFB /* menu_0010.png in Resources */ = {isa = PBXBuildFile; fileRef = 3A0566141B8F1C6000113EFB /* menu_0010.png */; };
		3A05661E1B8F1C6000113EFB /* menu_0012.png in Resources */ = {isa = PBXBuildFile; fileRef = 3A0566151B8F1C6000113EFB /* menu_0012.png */; };
		3A05661F1B8F1C6000113EFB /* menu_0012.png in Resources */ = {isa = PBXBuildFile; fileRef = 3A0566151B8F1C6000113EFB /* menu_0012.png */; };
		3A0566241B8F46C400113EFB /* fireworks.plist in Resources */ = {isa = PBXBuildFile; fileRef = 3A0566231B8F46C400113EFB /* fireworks.plist */; };
		3A0566251B8F46C400113EFB /* fireworks.plist in Resources */ = {isa = PBXBuildFile; fileRef = 3A0566231B8F46C400113EFB /* fireworks.plist */; };
		3A05662B1B8F49B200113EFB /* TimeScene.cpp in Sources */ = {isa = PBXBuildFile; fileRef = 3A0566291B8F49B100113EFB /* TimeScene.cpp */; };
		3A05662C1B8F49B200113EFB /* TimeScene.cpp in Sources */ = {isa = PBXBuildFile; fileRef = 3A0566291B8F49B100113EFB /* TimeScene.cpp */; };
		3A0566301B8F4B8900113EFB /* TwinkleScene.cpp in Sources */ = {isa = PBXBuildFile; fileRef = 3A05662E1B8F4B8900113EFB /* TwinkleScene.cpp */; };
		3A0566311B8F4B8900113EFB /* TwinkleScene.cpp in Sources */ = {isa = PBXBuildFile; fileRef = 3A05662E1B8F4B8900113EFB /* TwinkleScene.cpp */; };
		3A0566341B8F4BB000113EFB /* DarkScene.cpp in Sources */ = {isa = PBXBuildFile; fileRef = 3A0566321B8F4BB000113EFB /* DarkScene.cpp */; };
		3A0566351B8F4BB000113EFB /* DarkScene.cpp in Sources */ = {isa = PBXBuildFile; fileRef = 3A0566321B8F4BB000113EFB /* DarkScene.cpp */; };
		3A0566381B8F63BF00113EFB /* sound_off.png in Resources */ = {isa = PBXBuildFile; fileRef = 3A0566361B8F63BF00113EFB /* sound_off.png */; };
		3A0566391B8F63BF00113EFB /* sound_off.png in Resources */ = {isa = PBXBuildFile; fileRef = 3A0566361B8F63BF00113EFB /* sound_off.png */; };
		3A05663A1B8F63BF00113EFB /* sound_on.png in Resources */ = {isa = PBXBuildFile; fileRef = 3A0566371B8F63BF00113EFB /* sound_on.png */; };
		3A05663B1B8F63BF00113EFB /* sound_on.png in Resources */ = {isa = PBXBuildFile; fileRef = 3A0566371B8F63BF00113EFB /* sound_on.png */; };
		3A07F8641B75885300E2021E /* blood.png in Resources */ = {isa = PBXBuildFile; fileRef = 3A07F8631B75885300E2021E /* blood.png */; };
		3A07F8671B758B5200E2021E /* bloodSpurts.plist in Resources */ = {isa = PBXBuildFile; fileRef = 3A07F8661B758B5200E2021E /* bloodSpurts.plist */; };
		3A07F8681B758B5200E2021E /* bloodSpurts.plist in Resources */ = {isa = PBXBuildFile; fileRef = 3A07F8661B758B5200E2021E /* bloodSpurts.plist */; };
		3A55D3E01B8E024200C55EC9 /* plane.png in Resources */ = {isa = PBXBuildFile; fileRef = 3A55D3DF1B8E024200C55EC9 /* plane.png */; };
		3A55D3E11B8E024200C55EC9 /* plane.png in Resources */ = {isa = PBXBuildFile; fileRef = 3A55D3DF1B8E024200C55EC9 /* plane.png */; };
		3A55E22A1BFC495B001E09CD /* Android.mk in Resources */ = {isa = PBXBuildFile; fileRef = 3A55E2161BFC495B001E09CD /* Android.mk */; };
		3A55E22B1BFC495B001E09CD /* libmobclickcpp.so in Resources */ = {isa = PBXBuildFile; fileRef = 3A55E21B1BFC495B001E09CD /* libmobclickcpp.so */; };
		3A55E22C1BFC495B001E09CD /* libmobclickcpp.so in Resources */ = {isa = PBXBuildFile; fileRef = 3A55E21D1BFC495B001E09CD /* libmobclickcpp.so */; };
		3A55E22D1BFC495B001E09CD /* mobclickcpphelper.jar in Frameworks */ = {isa = PBXBuildFile; fileRef = 3A55E21E1BFC495B001E09CD /* mobclickcpphelper.jar */; };
		3A55E22E1BFC495B001E09CD /* libMobClickCpp.a in Frameworks */ = {isa = PBXBuildFile; fileRef = 3A55E2201BFC495B001E09CD /* libMobClickCpp.a */; };
		3A55E22F1BFC495B001E09CD /* libMobClickCpp_no_idfa.a in Frameworks */ = {isa = PBXBuildFile; fileRef = 3A55E2211BFC495B001E09CD /* libMobClickCpp_no_idfa.a */; };
		3A55E2301BFC495B001E09CD /* lua_binding.cpp in Sources */ = {isa = PBXBuildFile; fileRef = 3A55E2231BFC495B001E09CD /* lua_binding.cpp */; };
		3A55E2311BFC495B001E09CD /* LuaBasicConversions.cpp in Sources */ = {isa = PBXBuildFile; fileRef = 3A55E2251BFC495B001E09CD /* LuaBasicConversions.cpp */; };
		3A55E2321BFC495B001E09CD /* MobClickForLua.lua in Resources */ = {isa = PBXBuildFile; fileRef = 3A55E2281BFC495B001E09CD /* MobClickForLua.lua */; };
		3A55E2331BFC495B001E09CD /* Lua版本集成文档.md in Sources */ = {isa = PBXBuildFile; fileRef = 3A55E2291BFC495B001E09CD /* Lua版本集成文档.md */; };
		3A7B1BC91B786DE800822AC2 /* GameOverLayer.cpp in Sources */ = {isa = PBXBuildFile; fileRef = 3A7B1BC71B786DE800822AC2 /* GameOverLayer.cpp */; };
		3A7B1BCA1B786DE800822AC2 /* GameOverLayer.cpp in Sources */ = {isa = PBXBuildFile; fileRef = 3A7B1BC71B786DE800822AC2 /* GameOverLayer.cpp */; };
		3A7B1BCC1B7871AF00822AC2 /* gameoverBg.png in Resources */ = {isa = PBXBuildFile; fileRef = 3A7B1BCB1B7871AF00822AC2 /* gameoverBg.png */; };
		3A7B1BCD1B7871AF00822AC2 /* gameoverBg.png in Resources */ = {isa = PBXBuildFile; fileRef = 3A7B1BCB1B7871AF00822AC2 /* gameoverBg.png */; };
		3A7B1BCF1B7871C000822AC2 /* gameover.png in Resources */ = {isa = PBXBuildFile; fileRef = 3A7B1BCE1B7871C000822AC2 /* gameover.png */; };
		3A7B1BD01B7871C000822AC2 /* gameover.png in Resources */ = {isa = PBXBuildFile; fileRef = 3A7B1BCE1B7871C000822AC2 /* gameover.png */; };
		3A7B1BD21B7871DD00822AC2 /* button.png in Resources */ = {isa = PBXBuildFile; fileRef = 3A7B1BD11B7871DD00822AC2 /* button.png */; };
		3A7B1BD31B7871DD00822AC2 /* button.png in Resources */ = {isa = PBXBuildFile; fileRef = 3A7B1BD11B7871DD00822AC2 /* button.png */; };
		3A7B1BD51B7873A300822AC2 /* scoreBoard.png in Resources */ = {isa = PBXBuildFile; fileRef = 3A7B1BD41B7873A300822AC2 /* scoreBoard.png */; };
		3A7B1BD61B7873A300822AC2 /* scoreBoard.png in Resources */ = {isa = PBXBuildFile; fileRef = 3A7B1BD41B7873A300822AC2 /* scoreBoard.png */; };
		3A7B1BD81B78801E00822AC2 /* gameoverbtn.png in Resources */ = {isa = PBXBuildFile; fileRef = 3A7B1BD71B78801E00822AC2 /* gameoverbtn.png */; };
		3A7B1BD91B78801E00822AC2 /* gameoverbtn.png in Resources */ = {isa = PBXBuildFile; fileRef = 3A7B1BD71B78801E00822AC2 /* gameoverbtn.png */; };
		3A7B1BE11B7895FB00822AC2 /* new.png in Resources */ = {isa = PBXBuildFile; fileRef = 3A7B1BE01B7895FB00822AC2 /* new.png */; };
		3A7B1BE21B7895FB00822AC2 /* new.png in Resources */ = {isa = PBXBuildFile; fileRef = 3A7B1BE01B7895FB00822AC2 /* new.png */; };
		3A7B1BE51B78D66C00822AC2 /* MenuScene.cpp in Sources */ = {isa = PBXBuildFile; fileRef = 3A7B1BE31B78D66C00822AC2 /* MenuScene.cpp */; };
		3A7B1BE61B78D66C00822AC2 /* MenuScene.cpp in Sources */ = {isa = PBXBuildFile; fileRef = 3A7B1BE31B78D66C00822AC2 /* MenuScene.cpp */; };
		3A8D384B1B9965AF00E821BA /* bg_country.mp3 in Resources */ = {isa = PBXBuildFile; fileRef = 3A8D384A1B9965AF00E821BA /* bg_country.mp3 */; };
		3A8D384C1B9965AF00E821BA /* bg_country.mp3 in Resources */ = {isa = PBXBuildFile; fileRef = 3A8D384A1B9965AF00E821BA /* bg_country.mp3 */; };
		3A962F271B93428F0080F9FB /* setting_text.png in Resources */ = {isa = PBXBuildFile; fileRef = 3A962F261B93428F0080F9FB /* setting_text.png */; };
		3A962F281B93428F0080F9FB /* setting_text.png in Resources */ = {isa = PBXBuildFile; fileRef = 3A962F261B93428F0080F9FB /* setting_text.png */; };
		3A962F2A1B93446A0080F9FB /* setting.png in Resources */ = {isa = PBXBuildFile; fileRef = 3A962F291B93446A0080F9FB /* setting.png */; };
		3A962F2B1B93446A0080F9FB /* setting.png in Resources */ = {isa = PBXBuildFile; fileRef = 3A962F291B93446A0080F9FB /* setting.png */; };
		3AA1C50E1B908F880043E510 /* menu_0013.png in Resources */ = {isa = PBXBuildFile; fileRef = 3AA1C50D1B908F880043E510 /* menu_0013.png */; };
		3AA1C50F1B908F880043E510 /* menu_0013.png in Resources */ = {isa = PBXBuildFile; fileRef = 3AA1C50D1B908F880043E510 /* menu_0013.png */; };
		3AA1C5121B9090DF0043E510 /* OppositeGravityScene.cpp in Sources */ = {isa = PBXBuildFile; fileRef = 3AA1C5101B9090DF0043E510 /* OppositeGravityScene.cpp */; };
		3AA1C5131B9090DF0043E510 /* OppositeGravityScene.cpp in Sources */ = {isa = PBXBuildFile; fileRef = 3AA1C5101B9090DF0043E510 /* OppositeGravityScene.cpp */; };
		3AB00BE01B742FCF00E76FE4 /* bottom.png in Resources */ = {isa = PBXBuildFile; fileRef = 3AB00BDF1B742FCF00E76FE4 /* bottom.png */; };
		3AB00BE11B742FCF00E76FE4 /* bottom.png in Resources */ = {isa = PBXBuildFile; fileRef = 3AB00BDF1B742FCF00E76FE4 /* bottom.png */; };
		3AB00BE31B7431E100E76FE4 /* bg.png in Resources */ = {isa = PBXBuildFile; fileRef = 3AB00BE21B7431E100E76FE4 /* bg.png */; };
		3AB00BE41B7431E100E76FE4 /* bg.png in Resources */ = {isa = PBXBuildFile; fileRef = 3AB00BE21B7431E100E76FE4 /* bg.png */; };
		3AB00BE61B74335300E76FE4 /* ball.png in Resources */ = {isa = PBXBuildFile; fileRef = 3AB00BE51B74335300E76FE4 /* ball.png */; };
		3AB00BE71B74335300E76FE4 /* ball.png in Resources */ = {isa = PBXBuildFile; fileRef = 3AB00BE51B74335300E76FE4 /* ball.png */; };
		3AB00BEA1B74379500E76FE4 /* NormalScene.cpp in Sources */ = {isa = PBXBuildFile; fileRef = 3AB00BE81B74379500E76FE4 /* NormalScene.cpp */; };
		3AB00BEB1B74379500E76FE4 /* NormalScene.cpp in Sources */ = {isa = PBXBuildFile; fileRef = 3AB00BE81B74379500E76FE4 /* NormalScene.cpp */; };
		3AB00BED1B74407A00E76FE4 /* obstacle.png in Resources */ = {isa = PBXBuildFile; fileRef = 3AB00BEC1B74407A00E76FE4 /* obstacle.png */; };
		3AB00BEE1B74407A00E76FE4 /* obstacle.png in Resources */ = {isa = PBXBuildFile; fileRef = 3AB00BEC1B74407A00E76FE4 /* obstacle.png */; };
		3AB00BF11B74924E00E76FE4 /* obstacle_bar.png in Resources */ = {isa = PBXBuildFile; fileRef = 3AB00BF01B74924E00E76FE4 /* obstacle_bar.png */; };
		3AB00BF21B74924E00E76FE4 /* obstacle_bar.png in Resources */ = {isa = PBXBuildFile; fileRef = 3AB00BF01B74924E00E76FE4 /* obstacle_bar.png */; };
		3AB00BF61B74C1D400E76FE4 /* obstacle_rotation_long.png in Resources */ = {isa = PBXBuildFile; fileRef = 3AB00BF41B74C1D400E76FE4 /* obstacle_rotation_long.png */; };
		3AB00BF71B74C1D400E76FE4 /* obstacle_rotation_long.png in Resources */ = {isa = PBXBuildFile; fileRef = 3AB00BF41B74C1D400E76FE4 /* obstacle_rotation_long.png */; };
		3AB00BF81B74C1D400E76FE4 /* obstacle_rotation_sort_left.png in Resources */ = {isa = PBXBuildFile; fileRef = 3AB00BF51B74C1D400E76FE4 /* obstacle_rotation_sort_left.png */; };
		3AB00BF91B74C1D400E76FE4 /* obstacle_rotation_sort_left.png in Resources */ = {isa = PBXBuildFile; fileRef = 3AB00BF51B74C1D400E76FE4 /* obstacle_rotation_sort_left.png */; };
		3AB00BFB1B74C91200E76FE4 /* obstacle_rotation_sort_right.png in Resources */ = {isa = PBXBuildFile; fileRef = 3AB00BFA1B74C91200E76FE4 /* obstacle_rotation_sort_right.png */; };
		3AB00BFC1B74C91200E76FE4 /* obstacle_rotation_sort_right.png in Resources */ = {isa = PBXBuildFile; fileRef = 3AB00BFA1B74C91200E76FE4 /* obstacle_rotation_sort_right.png */; };
		3AD0D1681B981F9900198D1B /* menu_deffect.png in Resources */ = {isa = PBXBuildFile; fileRef = 3AD0D1611B981F9900198D1B /* menu_deffect.png */; };
		3AD0D1691B981F9900198D1B /* menu_deffect.png in Resources */ = {isa = PBXBuildFile; fileRef = 3AD0D1611B981F9900198D1B /* menu_deffect.png */; };
		3AD0D16A1B981F9900198D1B /* menu_effect_bg.png in Resources */ = {isa = PBXBuildFile; fileRef = 3AD0D1621B981F9900198D1B /* menu_effect_bg.png */; };
		3AD0D16B1B981F9900198D1B /* menu_effect_bg.png in Resources */ = {isa = PBXBuildFile; fileRef = 3AD0D1621B981F9900198D1B /* menu_effect_bg.png */; };
		3AD0D1701B981F9900198D1B /* menu_exit.png in Resources */ = {isa = PBXBuildFile; fileRef = 3AD0D1651B981F9900198D1B /* menu_exit.png */; };
		3AD0D1711B981F9900198D1B /* menu_exit.png in Resources */ = {isa = PBXBuildFile; fileRef = 3AD0D1651B981F9900198D1B /* menu_exit.png */; };
		3AD0D1721B981F9900198D1B /* menu_difficult_sellect.png in Resources */ = {isa = PBXBuildFile; fileRef = 3AD0D1661B981F9900198D1B /* menu_difficult_sellect.png */; };
		3AD0D1731B981F9900198D1B /* menu_difficult_sellect.png in Resources */ = {isa = PBXBuildFile; fileRef = 3AD0D1661B981F9900198D1B /* menu_difficult_sellect.png */; };
		3AD0D1741B981F9900198D1B /* menu_yinxiao.png in Resources */ = {isa = PBXBuildFile; fileRef = 3AD0D1671B981F9900198D1B /* menu_yinxiao.png */; };
		3AD0D1751B981F9900198D1B /* menu_yinxiao.png in Resources */ = {isa = PBXBuildFile; fileRef = 3AD0D1671B981F9900198D1B /* menu_yinxiao.png */; };
		3AD0D1771B98204A00198D1B /* sliderThumb.png in Resources */ = {isa = PBXBuildFile; fileRef = 3AD0D1761B98204A00198D1B /* sliderThumb.png */; };
		3AD0D1781B98204A00198D1B /* sliderThumb.png in Resources */ = {isa = PBXBuildFile; fileRef = 3AD0D1761B98204A00198D1B /* sliderThumb.png */; };
		3AD0D17A1B9821C400198D1B /* menu_effect.png in Resources */ = {isa = PBXBuildFile; fileRef = 3AD0D1791B9821C400198D1B /* menu_effect.png */; };
		3AD0D17B1B9821C400198D1B /* menu_effect.png in Resources */ = {isa = PBXBuildFile; fileRef = 3AD0D1791B9821C400198D1B /* menu_effect.png */; };
		3AD0D17D1B9823D900198D1B /* menu_difficulty.png in Resources */ = {isa = PBXBuildFile; fileRef = 3AD0D17C1B9823D900198D1B /* menu_difficulty.png */; };
		3AD0D17E1B9823D900198D1B /* menu_difficulty.png in Resources */ = {isa = PBXBuildFile; fileRef = 3AD0D17C1B9823D900198D1B /* menu_difficulty.png */; };
		3AD0D1801B98278B00198D1B /* menu_exit_btn.png in Resources */ = {isa = PBXBuildFile; fileRef = 3AD0D17F1B98278B00198D1B /* menu_exit_btn.png */; };
		3AD0D1811B98278B00198D1B /* menu_exit_btn.png in Resources */ = {isa = PBXBuildFile; fileRef = 3AD0D17F1B98278B00198D1B /* menu_exit_btn.png */; };
		3AD0D1831B982A4F00198D1B /* menu_gohome.png in Resources */ = {isa = PBXBuildFile; fileRef = 3AD0D1821B982A4F00198D1B /* menu_gohome.png */; };
		3AD0D1841B982A4F00198D1B /* menu_gohome.png in Resources */ = {isa = PBXBuildFile; fileRef = 3AD0D1821B982A4F00198D1B /* menu_gohome.png */; };
		3AD0D1871B982C7300198D1B /* SettingScene.cpp in Sources */ = {isa = PBXBuildFile; fileRef = 3AD0D1851B982C7300198D1B /* SettingScene.cpp */; };
		3AD0D1881B982C7300198D1B /* SettingScene.cpp in Sources */ = {isa = PBXBuildFile; fileRef = 3AD0D1851B982C7300198D1B /* SettingScene.cpp */; };
		3AD6E9201B763AE80015529C /* die1.mp3 in Resources */ = {isa = PBXBuildFile; fileRef = 3AD6E91A1B763AE80015529C /* die1.mp3 */; };
		3AD6E9211B763AE80015529C /* die1.mp3 in Resources */ = {isa = PBXBuildFile; fileRef = 3AD6E91A1B763AE80015529C /* die1.mp3 */; };
		3AD6E9221B763AE80015529C /* faster.png in Resources */ = {isa = PBXBuildFile; fileRef = 3AD6E91B1B763AE80015529C /* faster.png */; };
		3AD6E9231B763AE80015529C /* faster.png in Resources */ = {isa = PBXBuildFile; fileRef = 3AD6E91B1B763AE80015529C /* faster.png */; };
		3AD6E9241B763AE80015529C /* flapSFX.mp3 in Resources */ = {isa = PBXBuildFile; fileRef = 3AD6E91C1B763AE80015529C /* flapSFX.mp3 */; };
		3AD6E9251B763AE80015529C /* flapSFX.mp3 in Resources */ = {isa = PBXBuildFile; fileRef = 3AD6E91C1B763AE80015529C /* flapSFX.mp3 */; };
		3AD6E9261B763AE80015529C /* point.mp3 in Resources */ = {isa = PBXBuildFile; fileRef = 3AD6E91D1B763AE80015529C /* point.mp3 */; };
		3AD6E9271B763AE80015529C /* point.mp3 in Resources */ = {isa = PBXBuildFile; fileRef = 3AD6E91D1B763AE80015529C /* point.mp3 */; };
		3AD6E9281B763AE80015529C /* ready.png in Resources */ = {isa = PBXBuildFile; fileRef = 3AD6E91E1B763AE80015529C /* ready.png */; };
		3AD6E9291B763AE80015529C /* ready.png in Resources */ = {isa = PBXBuildFile; fileRef = 3AD6E91E1B763AE80015529C /* ready.png */; };
		3AD6E92A1B763AE80015529C /* tip.png in Resources */ = {isa = PBXBuildFile; fileRef = 3AD6E91F1B763AE80015529C /* tip.png */; };
		3AD6E92B1B763AE80015529C /* tip.png in Resources */ = {isa = PBXBuildFile; fileRef = 3AD6E91F1B763AE80015529C /* tip.png */; };
		3AD6E9371B763D1E0015529C /* NewHigh.mp3 in Resources */ = {isa = PBXBuildFile; fileRef = 3AD6E9301B763D1E0015529C /* NewHigh.mp3 */; };
		3AD6E9381B763D1E0015529C /* NewHigh.mp3 in Resources */ = {isa = PBXBuildFile; fileRef = 3AD6E9301B763D1E0015529C /* NewHigh.mp3 */; };
		3AD6E94A1B765E650015529C /* stagelabel.fnt in Resources */ = {isa = PBXBuildFile; fileRef = 3AD6E9481B765E650015529C /* stagelabel.fnt */; };
		3AD6E94B1B765E650015529C /* stagelabel.fnt in Resources */ = {isa = PBXBuildFile; fileRef = 3AD6E9481B765E650015529C /* stagelabel.fnt */; };
		3AD6E94C1B765E650015529C /* stagelabel.png in Resources */ = {isa = PBXBuildFile; fileRef = 3AD6E9491B765E650015529C /* stagelabel.png */; };
		3AD6E94D1B765E650015529C /* stagelabel.png in Resources */ = {isa = PBXBuildFile; fileRef = 3AD6E9491B765E650015529C /* stagelabel.png */; };
		3EACC98F19EE6D4300EB3C5E /* res in Resources */ = {isa = PBXBuildFile; fileRef = 3EACC98E19EE6D4300EB3C5E /* res */; };
		3EACC99019EE6D4300EB3C5E /* res in Resources */ = {isa = PBXBuildFile; fileRef = 3EACC98E19EE6D4300EB3C5E /* res */; };
		46880B8819C43A87006E1F66 /* AppDelegate.cpp in Sources */ = {isa = PBXBuildFile; fileRef = 46880B8419C43A87006E1F66 /* AppDelegate.cpp */; };
		46880B8919C43A87006E1F66 /* AppDelegate.cpp in Sources */ = {isa = PBXBuildFile; fileRef = 46880B8419C43A87006E1F66 /* AppDelegate.cpp */; };
		503AE0F817EB97AB00D1A890 /* Icon.icns in Resources */ = {isa = PBXBuildFile; fileRef = 503AE0F617EB97AB00D1A890 /* Icon.icns */; };
		503AE10017EB989F00D1A890 /* AppController.mm in Sources */ = {isa = PBXBuildFile; fileRef = 503AE0FB17EB989F00D1A890 /* AppController.mm */; };
		503AE10117EB989F00D1A890 /* main.m in Sources */ = {isa = PBXBuildFile; fileRef = 503AE0FC17EB989F00D1A890 /* main.m */; };
		503AE10217EB989F00D1A890 /* RootViewController.mm in Sources */ = {isa = PBXBuildFile; fileRef = 503AE0FF17EB989F00D1A890 /* RootViewController.mm */; };
		503AE10517EB98FF00D1A890 /* main.cpp in Sources */ = {isa = PBXBuildFile; fileRef = 503AE10317EB98FF00D1A890 /* main.cpp */; };
		503AE11B17EB9C5A00D1A890 /* IOKit.framework in Frameworks */ = {isa = PBXBuildFile; fileRef = 503AE11A17EB9C5A00D1A890 /* IOKit.framework */; };
		5087E76317EB910900C73F5D /* Foundation.framework in Frameworks */ = {isa = PBXBuildFile; fileRef = 1D30AB110D05D00D00671497 /* Foundation.framework */; };
		5087E76717EB910900C73F5D /* libz.dylib in Frameworks */ = {isa = PBXBuildFile; fileRef = BF170DB412928DE900B8313A /* libz.dylib */; };
		5087E76817EB910900C73F5D /* QuartzCore.framework in Frameworks */ = {isa = PBXBuildFile; fileRef = BF1C47EA1293683800B63C5D /* QuartzCore.framework */; };
		5087E76917EB910900C73F5D /* OpenAL.framework in Frameworks */ = {isa = PBXBuildFile; fileRef = D44C620B132DFF330009C878 /* OpenAL.framework */; };
		5087E76A17EB910900C73F5D /* AVFoundation.framework in Frameworks */ = {isa = PBXBuildFile; fileRef = D44C620D132DFF430009C878 /* AVFoundation.framework */; };
		5087E76B17EB910900C73F5D /* AudioToolbox.framework in Frameworks */ = {isa = PBXBuildFile; fileRef = D44C620F132DFF4E0009C878 /* AudioToolbox.framework */; };
		5087E77D17EB970100C73F5D /* Default-568h@2x.png in Resources */ = {isa = PBXBuildFile; fileRef = 5087E77217EB970100C73F5D /* Default-568h@2x.png */; };
		5087E77E17EB970100C73F5D /* Default.png in Resources */ = {isa = PBXBuildFile; fileRef = 5087E77317EB970100C73F5D /* Default.png */; };
		5087E77F17EB970100C73F5D /* Default@2x.png in Resources */ = {isa = PBXBuildFile; fileRef = 5087E77417EB970100C73F5D /* Default@2x.png */; };
		5087E78017EB970100C73F5D /* Icon-114.png in Resources */ = {isa = PBXBuildFile; fileRef = 5087E77517EB970100C73F5D /* Icon-114.png */; };
		5087E78117EB970100C73F5D /* Icon-120.png in Resources */ = {isa = PBXBuildFile; fileRef = 5087E77617EB970100C73F5D /* Icon-120.png */; };
		5087E78217EB970100C73F5D /* Icon-144.png in Resources */ = {isa = PBXBuildFile; fileRef = 5087E77717EB970100C73F5D /* Icon-144.png */; };
		5087E78317EB970100C73F5D /* Icon-152.png in Resources */ = {isa = PBXBuildFile; fileRef = 5087E77817EB970100C73F5D /* Icon-152.png */; };
		5087E78417EB970100C73F5D /* Icon-57.png in Resources */ = {isa = PBXBuildFile; fileRef = 5087E77917EB970100C73F5D /* Icon-57.png */; };
		5087E78517EB970100C73F5D /* Icon-72.png in Resources */ = {isa = PBXBuildFile; fileRef = 5087E77A17EB970100C73F5D /* Icon-72.png */; };
		5087E78617EB970100C73F5D /* Icon-76.png in Resources */ = {isa = PBXBuildFile; fileRef = 5087E77B17EB970100C73F5D /* Icon-76.png */; };
		5087E78917EB974C00C73F5D /* AppKit.framework in Frameworks */ = {isa = PBXBuildFile; fileRef = 5087E78817EB974C00C73F5D /* AppKit.framework */; };
		5087E78B17EB975400C73F5D /* OpenGL.framework in Frameworks */ = {isa = PBXBuildFile; fileRef = 5087E78A17EB975400C73F5D /* OpenGL.framework */; };
		50EF629617ECD46A001EB2F8 /* Icon-40.png in Resources */ = {isa = PBXBuildFile; fileRef = 50EF629217ECD46A001EB2F8 /* Icon-40.png */; };
		50EF629717ECD46A001EB2F8 /* Icon-58.png in Resources */ = {isa = PBXBuildFile; fileRef = 50EF629317ECD46A001EB2F8 /* Icon-58.png */; };
		50EF629817ECD46A001EB2F8 /* Icon-80.png in Resources */ = {isa = PBXBuildFile; fileRef = 50EF629417ECD46A001EB2F8 /* Icon-80.png */; };
		50EF629917ECD46A001EB2F8 /* Icon-100.png in Resources */ = {isa = PBXBuildFile; fileRef = 50EF629517ECD46A001EB2F8 /* Icon-100.png */; };
		50EF62A217ECD613001EB2F8 /* Icon-29.png in Resources */ = {isa = PBXBuildFile; fileRef = 50EF62A017ECD613001EB2F8 /* Icon-29.png */; };
		50EF62A317ECD613001EB2F8 /* Icon-50.png in Resources */ = {isa = PBXBuildFile; fileRef = 50EF62A117ECD613001EB2F8 /* Icon-50.png */; };
		521A8E6419F0C34300D177D7 /* Default-667h@2x.png in Resources */ = {isa = PBXBuildFile; fileRef = 521A8E6219F0C34300D177D7 /* Default-667h@2x.png */; };
		521A8E6519F0C34300D177D7 /* Default-736h@3x.png in Resources */ = {isa = PBXBuildFile; fileRef = 521A8E6319F0C34300D177D7 /* Default-736h@3x.png */; };
		521A8EA919F11F5000D177D7 /* fonts in Resources */ = {isa = PBXBuildFile; fileRef = 521A8EA819F11F5000D177D7 /* fonts */; };
		521A8EAA19F11F5000D177D7 /* fonts in Resources */ = {isa = PBXBuildFile; fileRef = 521A8EA819F11F5000D177D7 /* fonts */; };
		52B47A471A53D09C004E4C60 /* Security.framework in Frameworks */ = {isa = PBXBuildFile; fileRef = 52B47A461A53D09B004E4C60 /* Security.framework */; };
		BF171245129291EC00B8313A /* OpenGLES.framework in Frameworks */ = {isa = PBXBuildFile; fileRef = BF170DB012928DE900B8313A /* OpenGLES.framework */; };
		BF1712471292920000B8313A /* libz.dylib in Frameworks */ = {isa = PBXBuildFile; fileRef = BF170DB412928DE900B8313A /* libz.dylib */; };
		BF1C47F01293687400B63C5D /* QuartzCore.framework in Frameworks */ = {isa = PBXBuildFile; fileRef = BF1C47EA1293683800B63C5D /* QuartzCore.framework */; };
		D44C620C132DFF330009C878 /* OpenAL.framework in Frameworks */ = {isa = PBXBuildFile; fileRef = D44C620B132DFF330009C878 /* OpenAL.framework */; };
		D44C620E132DFF430009C878 /* AVFoundation.framework in Frameworks */ = {isa = PBXBuildFile; fileRef = D44C620D132DFF430009C878 /* AVFoundation.framework */; };
		D44C6210132DFF4E0009C878 /* AudioToolbox.framework in Frameworks */ = {isa = PBXBuildFile; fileRef = D44C620F132DFF4E0009C878 /* AudioToolbox.framework */; };
		D6B0611B1803AB670077942B /* CoreMotion.framework in Frameworks */ = {isa = PBXBuildFile; fileRef = D6B0611A1803AB670077942B /* CoreMotion.framework */; };
/* End PBXBuildFile section */

/* Begin PBXContainerItemProxy section */
		1AC6FAF8180E9839004C840B /* PBXContainerItemProxy */ = {
			isa = PBXContainerItemProxy;
			containerPortal = 1AC6FAE5180E9839004C840B /* cocos2d_libs.xcodeproj */;
			proxyType = 2;
			remoteGlobalIDString = 1551A33F158F2AB200E66CFE;
			remoteInfo = "cocos2dx Mac";
		};
		1AC6FB06180E9839004C840B /* PBXContainerItemProxy */ = {
			isa = PBXContainerItemProxy;
			containerPortal = 1AC6FAE5180E9839004C840B /* cocos2d_libs.xcodeproj */;
			proxyType = 2;
			remoteGlobalIDString = A07A4D641783777C0073F6A7;
			remoteInfo = "cocos2dx iOS";
		};
		1AC6FB15180E9959004C840B /* PBXContainerItemProxy */ = {
			isa = PBXContainerItemProxy;
			containerPortal = 1AC6FAE5180E9839004C840B /* cocos2d_libs.xcodeproj */;
			proxyType = 1;
			remoteGlobalIDString = 1551A33E158F2AB200E66CFE;
			remoteInfo = "cocos2dx Mac";
		};
		1AC6FB24180E99E1004C840B /* PBXContainerItemProxy */ = {
			isa = PBXContainerItemProxy;
			containerPortal = 1AC6FAE5180E9839004C840B /* cocos2d_libs.xcodeproj */;
			proxyType = 1;
			remoteGlobalIDString = A07A4C241783777C0073F6A7;
			remoteInfo = "cocos2dx iOS";
		};
/* End PBXContainerItemProxy section */

/* Begin PBXFileReference section */
		1AC6FAE5180E9839004C840B /* cocos2d_libs.xcodeproj */ = {isa = PBXFileReference; lastKnownFileType = "wrapper.pb-project"; name = cocos2d_libs.xcodeproj; path = ../cocos2d/build/cocos2d_libs.xcodeproj; sourceTree = "<group>"; };
		1ACB3243164770DE00914215 /* libcurl.a */ = {isa = PBXFileReference; lastKnownFileType = archive.ar; name = libcurl.a; path = ../../cocos2dx/platform/third_party/ios/libraries/libcurl.a; sourceTree = "<group>"; };
		1D30AB110D05D00D00671497 /* Foundation.framework */ = {isa = PBXFileReference; lastKnownFileType = wrapper.framework; name = Foundation.framework; path = System/Library/Frameworks/Foundation.framework; sourceTree = SDKROOT; };
		1D6058910D05DD3D006BFB54 /* DayDayUp iOS.app */ = {isa = PBXFileReference; explicitFileType = wrapper.application; includeInIndex = 0; path = "DayDayUp iOS.app"; sourceTree = BUILT_PRODUCTS_DIR; };
		1DF5F4DF0D08C38300B7A737 /* UIKit.framework */ = {isa = PBXFileReference; lastKnownFileType = wrapper.framework; name = UIKit.framework; path = System/Library/Frameworks/UIKit.framework; sourceTree = SDKROOT; };
		288765A40DF7441C002DB57D /* CoreGraphics.framework */ = {isa = PBXFileReference; lastKnownFileType = wrapper.framework; name = CoreGraphics.framework; path = System/Library/Frameworks/CoreGraphics.framework; sourceTree = SDKROOT; };
		3A0565D31B8ED3C000113EFB /* ElasticityScene.cpp */ = {isa = PBXFileReference; fileEncoding = 4; lastKnownFileType = sourcecode.cpp.cpp; path = ElasticityScene.cpp; sourceTree = "<group>"; };
		3A0565D41B8ED3C000113EFB /* ElasticityScene.h */ = {isa = PBXFileReference; fileEncoding = 4; lastKnownFileType = sourcecode.c.h; path = ElasticityScene.h; sourceTree = "<group>"; };
		3A0565D71B8EF6FD00113EFB /* menu_0003.png */ = {isa = PBXFileReference; lastKnownFileType = image.png; path = menu_0003.png; sourceTree = "<group>"; };
		3A0565D81B8EF6FD00113EFB /* menu_0002.png */ = {isa = PBXFileReference; lastKnownFileType = image.png; path = menu_0002.png; sourceTree = "<group>"; };
		3A0565D91B8EF6FD00113EFB /* menu_0000.png */ = {isa = PBXFileReference; lastKnownFileType = image.png; path = menu_0000.png; sourceTree = "<group>"; };
		3A0565DA1B8EF6FD00113EFB /* menu_0001.png */ = {isa = PBXFileReference; lastKnownFileType = image.png; path = menu_0001.png; sourceTree = "<group>"; };
		3A0565E01B8EF6FD00113EFB /* menu_bg1.png */ = {isa = PBXFileReference; lastKnownFileType = image.png; path = menu_bg1.png; sourceTree = "<group>"; };
		3A0565E11B8EF6FD00113EFB /* menu_bg2.png */ = {isa = PBXFileReference; lastKnownFileType = image.png; path = menu_bg2.png; sourceTree = "<group>"; };
		3A0565E21B8EF6FD00113EFB /* menu_bg3.png */ = {isa = PBXFileReference; lastKnownFileType = image.png; path = menu_bg3.png; sourceTree = "<group>"; };
		3A0566021B8F168800113EFB /* menu_btn_bg.png */ = {isa = PBXFileReference; lastKnownFileType = image.png; path = menu_btn_bg.png; sourceTree = "<group>"; };
		3A0566051B8F173500113EFB /* stagelabel.fnt */ = {isa = PBXFileReference; fileEncoding = 4; lastKnownFileType = text; path = stagelabel.fnt; sourceTree = "<group>"; };
		3A0566061B8F173500113EFB /* stagelabel.png */ = {isa = PBXFileReference; lastKnownFileType = image.png; path = stagelabel.png; sourceTree = "<group>"; };
		3A0566111B8F1C6000113EFB /* menu_0004.png */ = {isa = PBXFileReference; lastKnownFileType = image.png; path = menu_0004.png; sourceTree = "<group>"; };
		3A0566121B8F1C6000113EFB /* menu_0006.png */ = {isa = PBXFileReference; lastKnownFileType = image.png; path = menu_0006.png; sourceTree = "<group>"; };
		3A0566131B8F1C6000113EFB /* menu_0008.png */ = {isa = PBXFileReference; lastKnownFileType = image.png; path = menu_0008.png; sourceTree = "<group>"; };
		3A0566141B8F1C6000113EFB /* menu_0010.png */ = {isa = PBXFileReference; lastKnownFileType = image.png; path = menu_0010.png; sourceTree = "<group>"; };
		3A0566151B8F1C6000113EFB /* menu_0012.png */ = {isa = PBXFileReference; lastKnownFileType = image.png; path = menu_0012.png; sourceTree = "<group>"; };
		3A0566231B8F46C400113EFB /* fireworks.plist */ = {isa = PBXFileReference; fileEncoding = 4; lastKnownFileType = text.plist.xml; path = fireworks.plist; sourceTree = "<group>"; };
		3A0566291B8F49B100113EFB /* TimeScene.cpp */ = {isa = PBXFileReference; fileEncoding = 4; lastKnownFileType = sourcecode.cpp.cpp; path = TimeScene.cpp; sourceTree = "<group>"; };
		3A05662A1B8F49B200113EFB /* TimeScene.h */ = {isa = PBXFileReference; fileEncoding = 4; lastKnownFileType = sourcecode.c.h; path = TimeScene.h; sourceTree = "<group>"; };
		3A05662E1B8F4B8900113EFB /* TwinkleScene.cpp */ = {isa = PBXFileReference; fileEncoding = 4; lastKnownFileType = sourcecode.cpp.cpp; path = TwinkleScene.cpp; sourceTree = "<group>"; };
		3A05662F1B8F4B8900113EFB /* TwinkleScene.h */ = {isa = PBXFileReference; fileEncoding = 4; lastKnownFileType = sourcecode.c.h; path = TwinkleScene.h; sourceTree = "<group>"; };
		3A0566321B8F4BB000113EFB /* DarkScene.cpp */ = {isa = PBXFileReference; fileEncoding = 4; lastKnownFileType = sourcecode.cpp.cpp; path = DarkScene.cpp; sourceTree = "<group>"; };
		3A0566331B8F4BB000113EFB /* DarkScene.h */ = {isa = PBXFileReference; fileEncoding = 4; lastKnownFileType = sourcecode.c.h; path = DarkScene.h; sourceTree = "<group>"; };
		3A0566361B8F63BF00113EFB /* sound_off.png */ = {isa = PBXFileReference; lastKnownFileType = image.png; path = sound_off.png; sourceTree = "<group>"; };
		3A0566371B8F63BF00113EFB /* sound_on.png */ = {isa = PBXFileReference; lastKnownFileType = image.png; path = sound_on.png; sourceTree = "<group>"; };
		3A07F8631B75885300E2021E /* blood.png */ = {isa = PBXFileReference; lastKnownFileType = image.png; path = blood.png; sourceTree = "<group>"; };
		3A07F8661B758B5200E2021E /* bloodSpurts.plist */ = {isa = PBXFileReference; fileEncoding = 4; lastKnownFileType = text.plist.xml; path = bloodSpurts.plist; sourceTree = "<group>"; };
		3A55D3DF1B8E024200C55EC9 /* plane.png */ = {isa = PBXFileReference; lastKnownFileType = image.png; path = plane.png; sourceTree = "<group>"; };
		3A55E2161BFC495B001E09CD /* Android.mk */ = {isa = PBXFileReference; fileEncoding = 4; lastKnownFileType = text; path = Android.mk; sourceTree = "<group>"; };
		3A55E2181BFC495B001E09CD /* MobClickCpp.h */ = {isa = PBXFileReference; fileEncoding = 4; lastKnownFileType = sourcecode.c.h; path = MobClickCpp.h; sourceTree = "<group>"; };
		3A55E21B1BFC495B001E09CD /* libmobclickcpp.so */ = {isa = PBXFileReference; lastKnownFileType = file; path = libmobclickcpp.so; sourceTree = "<group>"; };
		3A55E21D1BFC495B001E09CD /* libmobclickcpp.so */ = {isa = PBXFileReference; lastKnownFileType = file; path = libmobclickcpp.so; sourceTree = "<group>"; };
		3A55E21E1BFC495B001E09CD /* mobclickcpphelper.jar */ = {isa = PBXFileReference; lastKnownFileType = archive.jar; path = mobclickcpphelper.jar; sourceTree = "<group>"; };
		3A55E2201BFC495B001E09CD /* libMobClickCpp.a */ = {isa = PBXFileReference; lastKnownFileType = archive.ar; path = libMobClickCpp.a; sourceTree = "<group>"; };
		3A55E2211BFC495B001E09CD /* libMobClickCpp_no_idfa.a */ = {isa = PBXFileReference; lastKnownFileType = archive.ar; path = libMobClickCpp_no_idfa.a; sourceTree = "<group>"; };
		3A55E2231BFC495B001E09CD /* lua_binding.cpp */ = {isa = PBXFileReference; fileEncoding = 4; lastKnownFileType = sourcecode.cpp.cpp; path = lua_binding.cpp; sourceTree = "<group>"; };
		3A55E2241BFC495B001E09CD /* lua_binding.h */ = {isa = PBXFileReference; fileEncoding = 4; lastKnownFileType = sourcecode.c.h; path = lua_binding.h; sourceTree = "<group>"; };
		3A55E2251BFC495B001E09CD /* LuaBasicConversions.cpp */ = {isa = PBXFileReference; fileEncoding = 4; lastKnownFileType = sourcecode.cpp.cpp; path = LuaBasicConversions.cpp; sourceTree = "<group>"; };
		3A55E2261BFC495B001E09CD /* LuaBasicConversions.h */ = {isa = PBXFileReference; fileEncoding = 4; lastKnownFileType = sourcecode.c.h; path = LuaBasicConversions.h; sourceTree = "<group>"; };
		3A55E2271BFC495B001E09CD /* MobClickCpp.h */ = {isa = PBXFileReference; fileEncoding = 4; lastKnownFileType = sourcecode.c.h; path = MobClickCpp.h; sourceTree = "<group>"; };
		3A55E2281BFC495B001E09CD /* MobClickForLua.lua */ = {isa = PBXFileReference; fileEncoding = 4; lastKnownFileType = text; path = MobClickForLua.lua; sourceTree = "<group>"; };
		3A55E2291BFC495B001E09CD /* Lua版本集成文档.md */ = {isa = PBXFileReference; fileEncoding = 4; lastKnownFileType = net.daringfireball.markdown; path = "Lua版本集成文档.md"; sourceTree = "<group>"; };
		3A7B1BC71B786DE800822AC2 /* GameOverLayer.cpp */ = {isa = PBXFileReference; fileEncoding = 4; lastKnownFileType = sourcecode.cpp.cpp; path = GameOverLayer.cpp; sourceTree = "<group>"; };
		3A7B1BC81B786DE800822AC2 /* GameOverLayer.h */ = {isa = PBXFileReference; fileEncoding = 4; lastKnownFileType = sourcecode.c.h; path = GameOverLayer.h; sourceTree = "<group>"; };
		3A7B1BCB1B7871AF00822AC2 /* gameoverBg.png */ = {isa = PBXFileReference; lastKnownFileType = image.png; path = gameoverBg.png; sourceTree = "<group>"; };
		3A7B1BCE1B7871C000822AC2 /* gameover.png */ = {isa = PBXFileReference; lastKnownFileType = image.png; path = gameover.png; sourceTree = "<group>"; };
		3A7B1BD11B7871DD00822AC2 /* button.png */ = {isa = PBXFileReference; lastKnownFileType = image.png; path = button.png; sourceTree = "<group>"; };
		3A7B1BD41B7873A300822AC2 /* scoreBoard.png */ = {isa = PBXFileReference; lastKnownFileType = image.png; path = scoreBoard.png; sourceTree = "<group>"; };
		3A7B1BD71B78801E00822AC2 /* gameoverbtn.png */ = {isa = PBXFileReference; lastKnownFileType = image.png; path = gameoverbtn.png; sourceTree = "<group>"; };
		3A7B1BE01B7895FB00822AC2 /* new.png */ = {isa = PBXFileReference; lastKnownFileType = image.png; path = new.png; sourceTree = "<group>"; };
		3A7B1BE31B78D66C00822AC2 /* MenuScene.cpp */ = {isa = PBXFileReference; fileEncoding = 4; lastKnownFileType = sourcecode.cpp.cpp; path = MenuScene.cpp; sourceTree = "<group>"; };
		3A7B1BE41B78D66C00822AC2 /* MenuScene.h */ = {isa = PBXFileReference; fileEncoding = 4; lastKnownFileType = sourcecode.c.h; path = MenuScene.h; sourceTree = "<group>"; };
		3A8D384A1B9965AF00E821BA /* bg_country.mp3 */ = {isa = PBXFileReference; lastKnownFileType = audio.mp3; path = bg_country.mp3; sourceTree = "<group>"; };
		3A962F261B93428F0080F9FB /* setting_text.png */ = {isa = PBXFileReference; lastKnownFileType = image.png; path = setting_text.png; sourceTree = "<group>"; };
		3A962F291B93446A0080F9FB /* setting.png */ = {isa = PBXFileReference; lastKnownFileType = image.png; path = setting.png; sourceTree = "<group>"; };
		3AA1C50D1B908F880043E510 /* menu_0013.png */ = {isa = PBXFileReference; lastKnownFileType = image.png; path = menu_0013.png; sourceTree = "<group>"; };
		3AA1C5101B9090DF0043E510 /* OppositeGravityScene.cpp */ = {isa = PBXFileReference; fileEncoding = 4; lastKnownFileType = sourcecode.cpp.cpp; path = OppositeGravityScene.cpp; sourceTree = "<group>"; };
		3AA1C5111B9090DF0043E510 /* OppositeGravityScene.h */ = {isa = PBXFileReference; fileEncoding = 4; lastKnownFileType = sourcecode.c.h; path = OppositeGravityScene.h; sourceTree = "<group>"; };
		3AB00BDF1B742FCF00E76FE4 /* bottom.png */ = {isa = PBXFileReference; lastKnownFileType = image.png; path = bottom.png; sourceTree = "<group>"; };
		3AB00BE21B7431E100E76FE4 /* bg.png */ = {isa = PBXFileReference; lastKnownFileType = image.png; path = bg.png; sourceTree = "<group>"; };
		3AB00BE51B74335300E76FE4 /* ball.png */ = {isa = PBXFileReference; lastKnownFileType = image.png; path = ball.png; sourceTree = "<group>"; };
		3AB00BE81B74379500E76FE4 /* NormalScene.cpp */ = {isa = PBXFileReference; fileEncoding = 4; lastKnownFileType = sourcecode.cpp.cpp; path = NormalScene.cpp; sourceTree = "<group>"; };
		3AB00BE91B74379500E76FE4 /* NormalScene.h */ = {isa = PBXFileReference; fileEncoding = 4; lastKnownFileType = sourcecode.c.h; path = NormalScene.h; sourceTree = "<group>"; };
		3AB00BEC1B74407A00E76FE4 /* obstacle.png */ = {isa = PBXFileReference; lastKnownFileType = image.png; path = obstacle.png; sourceTree = "<group>"; };
		3AB00BF01B74924E00E76FE4 /* obstacle_bar.png */ = {isa = PBXFileReference; lastKnownFileType = image.png; path = obstacle_bar.png; sourceTree = "<group>"; };
		3AB00BF41B74C1D400E76FE4 /* obstacle_rotation_long.png */ = {isa = PBXFileReference; lastKnownFileType = image.png; path = obstacle_rotation_long.png; sourceTree = "<group>"; };
		3AB00BF51B74C1D400E76FE4 /* obstacle_rotation_sort_left.png */ = {isa = PBXFileReference; lastKnownFileType = image.png; path = obstacle_rotation_sort_left.png; sourceTree = "<group>"; };
		3AB00BFA1B74C91200E76FE4 /* obstacle_rotation_sort_right.png */ = {isa = PBXFileReference; lastKnownFileType = image.png; path = obstacle_rotation_sort_right.png; sourceTree = "<group>"; };
		3AD0D1611B981F9900198D1B /* menu_deffect.png */ = {isa = PBXFileReference; lastKnownFileType = image.png; path = menu_deffect.png; sourceTree = "<group>"; };
		3AD0D1621B981F9900198D1B /* menu_effect_bg.png */ = {isa = PBXFileReference; lastKnownFileType = image.png; path = menu_effect_bg.png; sourceTree = "<group>"; };
		3AD0D1651B981F9900198D1B /* menu_exit.png */ = {isa = PBXFileReference; lastKnownFileType = image.png; path = menu_exit.png; sourceTree = "<group>"; };
		3AD0D1661B981F9900198D1B /* menu_difficult_sellect.png */ = {isa = PBXFileReference; lastKnownFileType = image.png; path = menu_difficult_sellect.png; sourceTree = "<group>"; };
		3AD0D1671B981F9900198D1B /* menu_yinxiao.png */ = {isa = PBXFileReference; lastKnownFileType = image.png; path = menu_yinxiao.png; sourceTree = "<group>"; };
		3AD0D1761B98204A00198D1B /* sliderThumb.png */ = {isa = PBXFileReference; lastKnownFileType = image.png; path = sliderThumb.png; sourceTree = "<group>"; };
		3AD0D1791B9821C400198D1B /* menu_effect.png */ = {isa = PBXFileReference; lastKnownFileType = image.png; path = menu_effect.png; sourceTree = "<group>"; };
		3AD0D17C1B9823D900198D1B /* menu_difficulty.png */ = {isa = PBXFileReference; lastKnownFileType = image.png; path = menu_difficulty.png; sourceTree = "<group>"; };
		3AD0D17F1B98278B00198D1B /* menu_exit_btn.png */ = {isa = PBXFileReference; lastKnownFileType = image.png; path = menu_exit_btn.png; sourceTree = "<group>"; };
		3AD0D1821B982A4F00198D1B /* menu_gohome.png */ = {isa = PBXFileReference; lastKnownFileType = image.png; path = menu_gohome.png; sourceTree = "<group>"; };
		3AD0D1851B982C7300198D1B /* SettingScene.cpp */ = {isa = PBXFileReference; fileEncoding = 4; lastKnownFileType = sourcecode.cpp.cpp; path = SettingScene.cpp; sourceTree = "<group>"; };
		3AD0D1861B982C7300198D1B /* SettingScene.h */ = {isa = PBXFileReference; fileEncoding = 4; lastKnownFileType = sourcecode.c.h; path = SettingScene.h; sourceTree = "<group>"; };
		3AD6E91A1B763AE80015529C /* die1.mp3 */ = {isa = PBXFileReference; lastKnownFileType = audio.mp3; path = die1.mp3; sourceTree = "<group>"; };
		3AD6E91B1B763AE80015529C /* faster.png */ = {isa = PBXFileReference; lastKnownFileType = image.png; path = faster.png; sourceTree = "<group>"; };
		3AD6E91C1B763AE80015529C /* flapSFX.mp3 */ = {isa = PBXFileReference; lastKnownFileType = audio.mp3; path = flapSFX.mp3; sourceTree = "<group>"; };
		3AD6E91D1B763AE80015529C /* point.mp3 */ = {isa = PBXFileReference; lastKnownFileType = audio.mp3; path = point.mp3; sourceTree = "<group>"; };
		3AD6E91E1B763AE80015529C /* ready.png */ = {isa = PBXFileReference; lastKnownFileType = image.png; path = ready.png; sourceTree = "<group>"; };
		3AD6E91F1B763AE80015529C /* tip.png */ = {isa = PBXFileReference; lastKnownFileType = image.png; path = tip.png; sourceTree = "<group>"; };
		3AD6E9301B763D1E0015529C /* NewHigh.mp3 */ = {isa = PBXFileReference; lastKnownFileType = audio.mp3; path = NewHigh.mp3; sourceTree = "<group>"; };
		3AD6E9481B765E650015529C /* stagelabel.fnt */ = {isa = PBXFileReference; fileEncoding = 4; lastKnownFileType = text; name = stagelabel.fnt; path = fonts/stagelabel.fnt; sourceTree = "<group>"; };
		3AD6E9491B765E650015529C /* stagelabel.png */ = {isa = PBXFileReference; lastKnownFileType = image.png; name = stagelabel.png; path = fonts/stagelabel.png; sourceTree = "<group>"; };
		3EACC98E19EE6D4300EB3C5E /* res */ = {isa = PBXFileReference; lastKnownFileType = folder; path = res; sourceTree = "<group>"; };
		46880B8419C43A87006E1F66 /* AppDelegate.cpp */ = {isa = PBXFileReference; fileEncoding = 4; lastKnownFileType = sourcecode.cpp.cpp; path = AppDelegate.cpp; sourceTree = "<group>"; };
		46880B8519C43A87006E1F66 /* AppDelegate.h */ = {isa = PBXFileReference; fileEncoding = 4; lastKnownFileType = sourcecode.c.h; path = AppDelegate.h; sourceTree = "<group>"; };
		503AE0F617EB97AB00D1A890 /* Icon.icns */ = {isa = PBXFileReference; lastKnownFileType = image.icns; path = Icon.icns; sourceTree = "<group>"; };
		503AE0F717EB97AB00D1A890 /* Info.plist */ = {isa = PBXFileReference; fileEncoding = 4; lastKnownFileType = text.plist.xml; path = Info.plist; sourceTree = "<group>"; };
		503AE0FA17EB989F00D1A890 /* AppController.h */ = {isa = PBXFileReference; fileEncoding = 4; lastKnownFileType = sourcecode.c.h; name = AppController.h; path = ios/AppController.h; sourceTree = SOURCE_ROOT; };
		503AE0FB17EB989F00D1A890 /* AppController.mm */ = {isa = PBXFileReference; fileEncoding = 4; lastKnownFileType = sourcecode.cpp.objcpp; name = AppController.mm; path = ios/AppController.mm; sourceTree = SOURCE_ROOT; };
		503AE0FC17EB989F00D1A890 /* main.m */ = {isa = PBXFileReference; fileEncoding = 4; lastKnownFileType = sourcecode.c.objc; name = main.m; path = ios/main.m; sourceTree = SOURCE_ROOT; };
		503AE0FD17EB989F00D1A890 /* Prefix.pch */ = {isa = PBXFileReference; fileEncoding = 4; lastKnownFileType = sourcecode.c.h; name = Prefix.pch; path = ios/Prefix.pch; sourceTree = SOURCE_ROOT; };
		503AE0FE17EB989F00D1A890 /* RootViewController.h */ = {isa = PBXFileReference; fileEncoding = 4; lastKnownFileType = sourcecode.c.h; name = RootViewController.h; path = ios/RootViewController.h; sourceTree = SOURCE_ROOT; };
		503AE0FF17EB989F00D1A890 /* RootViewController.mm */ = {isa = PBXFileReference; fileEncoding = 4; lastKnownFileType = sourcecode.cpp.objcpp; name = RootViewController.mm; path = ios/RootViewController.mm; sourceTree = SOURCE_ROOT; };
		503AE10317EB98FF00D1A890 /* main.cpp */ = {isa = PBXFileReference; fileEncoding = 4; lastKnownFileType = sourcecode.cpp.cpp; name = main.cpp; path = mac/main.cpp; sourceTree = "<group>"; };
		503AE10417EB98FF00D1A890 /* Prefix.pch */ = {isa = PBXFileReference; fileEncoding = 4; lastKnownFileType = sourcecode.c.h; name = Prefix.pch; path = mac/Prefix.pch; sourceTree = "<group>"; };
		503AE11117EB99EE00D1A890 /* libcurl.dylib */ = {isa = PBXFileReference; lastKnownFileType = "compiled.mach-o.dylib"; name = libcurl.dylib; path = usr/lib/libcurl.dylib; sourceTree = SDKROOT; };
		503AE11A17EB9C5A00D1A890 /* IOKit.framework */ = {isa = PBXFileReference; lastKnownFileType = wrapper.framework; name = IOKit.framework; path = System/Library/Frameworks/IOKit.framework; sourceTree = SDKROOT; };
		5087E76F17EB910900C73F5D /* DayDayUp Mac.app */ = {isa = PBXFileReference; explicitFileType = wrapper.application; includeInIndex = 0; path = "DayDayUp Mac.app"; sourceTree = BUILT_PRODUCTS_DIR; };
		5087E77217EB970100C73F5D /* Default-568h@2x.png */ = {isa = PBXFileReference; lastKnownFileType = image.png; path = "Default-568h@2x.png"; sourceTree = "<group>"; };
		5087E77317EB970100C73F5D /* Default.png */ = {isa = PBXFileReference; lastKnownFileType = image.png; path = Default.png; sourceTree = "<group>"; };
		5087E77417EB970100C73F5D /* Default@2x.png */ = {isa = PBXFileReference; lastKnownFileType = image.png; path = "Default@2x.png"; sourceTree = "<group>"; };
		5087E77517EB970100C73F5D /* Icon-114.png */ = {isa = PBXFileReference; lastKnownFileType = image.png; path = "Icon-114.png"; sourceTree = "<group>"; };
		5087E77617EB970100C73F5D /* Icon-120.png */ = {isa = PBXFileReference; lastKnownFileType = image.png; path = "Icon-120.png"; sourceTree = "<group>"; };
		5087E77717EB970100C73F5D /* Icon-144.png */ = {isa = PBXFileReference; lastKnownFileType = image.png; path = "Icon-144.png"; sourceTree = "<group>"; };
		5087E77817EB970100C73F5D /* Icon-152.png */ = {isa = PBXFileReference; lastKnownFileType = image.png; path = "Icon-152.png"; sourceTree = "<group>"; };
		5087E77917EB970100C73F5D /* Icon-57.png */ = {isa = PBXFileReference; lastKnownFileType = image.png; path = "Icon-57.png"; sourceTree = "<group>"; };
		5087E77A17EB970100C73F5D /* Icon-72.png */ = {isa = PBXFileReference; lastKnownFileType = image.png; path = "Icon-72.png"; sourceTree = "<group>"; };
		5087E77B17EB970100C73F5D /* Icon-76.png */ = {isa = PBXFileReference; lastKnownFileType = image.png; path = "Icon-76.png"; sourceTree = "<group>"; };
		5087E77C17EB970100C73F5D /* Info.plist */ = {isa = PBXFileReference; fileEncoding = 4; lastKnownFileType = text.plist.xml; path = Info.plist; sourceTree = "<group>"; };
		5087E78817EB974C00C73F5D /* AppKit.framework */ = {isa = PBXFileReference; lastKnownFileType = wrapper.framework; name = AppKit.framework; path = System/Library/Frameworks/AppKit.framework; sourceTree = SDKROOT; };
		5087E78A17EB975400C73F5D /* OpenGL.framework */ = {isa = PBXFileReference; lastKnownFileType = wrapper.framework; name = OpenGL.framework; path = System/Library/Frameworks/OpenGL.framework; sourceTree = SDKROOT; };
		50EF629217ECD46A001EB2F8 /* Icon-40.png */ = {isa = PBXFileReference; lastKnownFileType = image.png; path = "Icon-40.png"; sourceTree = "<group>"; };
		50EF629317ECD46A001EB2F8 /* Icon-58.png */ = {isa = PBXFileReference; lastKnownFileType = image.png; path = "Icon-58.png"; sourceTree = "<group>"; };
		50EF629417ECD46A001EB2F8 /* Icon-80.png */ = {isa = PBXFileReference; lastKnownFileType = image.png; path = "Icon-80.png"; sourceTree = "<group>"; };
		50EF629517ECD46A001EB2F8 /* Icon-100.png */ = {isa = PBXFileReference; lastKnownFileType = image.png; path = "Icon-100.png"; sourceTree = "<group>"; };
		50EF62A017ECD613001EB2F8 /* Icon-29.png */ = {isa = PBXFileReference; lastKnownFileType = image.png; path = "Icon-29.png"; sourceTree = "<group>"; };
		50EF62A117ECD613001EB2F8 /* Icon-50.png */ = {isa = PBXFileReference; lastKnownFileType = image.png; path = "Icon-50.png"; sourceTree = "<group>"; };
		521A8E6219F0C34300D177D7 /* Default-667h@2x.png */ = {isa = PBXFileReference; lastKnownFileType = image.png; path = "Default-667h@2x.png"; sourceTree = "<group>"; };
		521A8E6319F0C34300D177D7 /* Default-736h@3x.png */ = {isa = PBXFileReference; lastKnownFileType = image.png; path = "Default-736h@3x.png"; sourceTree = "<group>"; };
		521A8EA819F11F5000D177D7 /* fonts */ = {isa = PBXFileReference; lastKnownFileType = folder; path = fonts; sourceTree = "<group>"; };
		52B47A461A53D09B004E4C60 /* Security.framework */ = {isa = PBXFileReference; lastKnownFileType = wrapper.framework; name = Security.framework; path = Platforms/iPhoneOS.platform/Developer/SDKs/iPhoneOS8.1.sdk/System/Library/Frameworks/Security.framework; sourceTree = DEVELOPER_DIR; };
		BF170DB012928DE900B8313A /* OpenGLES.framework */ = {isa = PBXFileReference; lastKnownFileType = wrapper.framework; name = OpenGLES.framework; path = System/Library/Frameworks/OpenGLES.framework; sourceTree = SDKROOT; };
		BF170DB412928DE900B8313A /* libz.dylib */ = {isa = PBXFileReference; lastKnownFileType = "compiled.mach-o.dylib"; name = libz.dylib; path = usr/lib/libz.dylib; sourceTree = SDKROOT; };
		BF1C47EA1293683800B63C5D /* QuartzCore.framework */ = {isa = PBXFileReference; lastKnownFileType = wrapper.framework; name = QuartzCore.framework; path = System/Library/Frameworks/QuartzCore.framework; sourceTree = SDKROOT; };
		D44C620B132DFF330009C878 /* OpenAL.framework */ = {isa = PBXFileReference; lastKnownFileType = wrapper.framework; name = OpenAL.framework; path = System/Library/Frameworks/OpenAL.framework; sourceTree = SDKROOT; };
		D44C620D132DFF430009C878 /* AVFoundation.framework */ = {isa = PBXFileReference; lastKnownFileType = wrapper.framework; name = AVFoundation.framework; path = System/Library/Frameworks/AVFoundation.framework; sourceTree = SDKROOT; };
		D44C620F132DFF4E0009C878 /* AudioToolbox.framework */ = {isa = PBXFileReference; lastKnownFileType = wrapper.framework; name = AudioToolbox.framework; path = System/Library/Frameworks/AudioToolbox.framework; sourceTree = SDKROOT; };
		D6B0611A1803AB670077942B /* CoreMotion.framework */ = {isa = PBXFileReference; lastKnownFileType = wrapper.framework; name = CoreMotion.framework; path = Platforms/iPhoneOS.platform/Developer/SDKs/iPhoneOS7.0.sdk/System/Library/Frameworks/CoreMotion.framework; sourceTree = DEVELOPER_DIR; };
/* End PBXFileReference section */

/* Begin PBXFrameworksBuildPhase section */
		1D60588F0D05DD3D006BFB54 /* Frameworks */ = {
			isa = PBXFrameworksBuildPhase;
			buildActionMask = 2147483647;
			files = (
				52B47A471A53D09C004E4C60 /* Security.framework in Frameworks */,
				1AC6FB30180E99EB004C840B /* libcocos2d iOS.a in Frameworks */,
				D6B0611B1803AB670077942B /* CoreMotion.framework in Frameworks */,
				3A55E22E1BFC495B001E09CD /* libMobClickCpp.a in Frameworks */,
				1D60589F0D05DD5A006BFB54 /* Foundation.framework in Frameworks */,
				1DF5F4E00D08C38300B7A737 /* UIKit.framework in Frameworks */,
				3A55E22F1BFC495B001E09CD /* libMobClickCpp_no_idfa.a in Frameworks */,
				288765A50DF7441C002DB57D /* CoreGraphics.framework in Frameworks */,
				BF171245129291EC00B8313A /* OpenGLES.framework in Frameworks */,
				BF1712471292920000B8313A /* libz.dylib in Frameworks */,
				3A55E22D1BFC495B001E09CD /* mobclickcpphelper.jar in Frameworks */,
				BF1C47F01293687400B63C5D /* QuartzCore.framework in Frameworks */,
				D44C620C132DFF330009C878 /* OpenAL.framework in Frameworks */,
				D44C620E132DFF430009C878 /* AVFoundation.framework in Frameworks */,
				D44C6210132DFF4E0009C878 /* AudioToolbox.framework in Frameworks */,
			);
			runOnlyForDeploymentPostprocessing = 0;
		};
		5087E75C17EB910900C73F5D /* Frameworks */ = {
			isa = PBXFrameworksBuildPhase;
			buildActionMask = 2147483647;
			files = (
				1AC6FB21180E996B004C840B /* libcocos2d Mac.a in Frameworks */,
				5087E76717EB910900C73F5D /* libz.dylib in Frameworks */,
				503AE11B17EB9C5A00D1A890 /* IOKit.framework in Frameworks */,
				5087E78B17EB975400C73F5D /* OpenGL.framework in Frameworks */,
				5087E78917EB974C00C73F5D /* AppKit.framework in Frameworks */,
				5087E76317EB910900C73F5D /* Foundation.framework in Frameworks */,
				5087E76817EB910900C73F5D /* QuartzCore.framework in Frameworks */,
				5087E76917EB910900C73F5D /* OpenAL.framework in Frameworks */,
				5087E76A17EB910900C73F5D /* AVFoundation.framework in Frameworks */,
				5087E76B17EB910900C73F5D /* AudioToolbox.framework in Frameworks */,
			);
			runOnlyForDeploymentPostprocessing = 0;
		};
/* End PBXFrameworksBuildPhase section */

/* Begin PBXGroup section */
		080E96DDFE201D6D7F000001 /* ios */ = {
			isa = PBXGroup;
			children = (
				5087E77117EB970100C73F5D /* Icons */,
				503AE0FA17EB989F00D1A890 /* AppController.h */,
				503AE0FB17EB989F00D1A890 /* AppController.mm */,
				503AE0FC17EB989F00D1A890 /* main.m */,
				503AE0FD17EB989F00D1A890 /* Prefix.pch */,
				503AE0FE17EB989F00D1A890 /* RootViewController.h */,
				503AE0FF17EB989F00D1A890 /* RootViewController.mm */,
			);
			name = ios;
			path = Classes;
			sourceTree = "<group>";
		};
		19C28FACFE9D520D11CA2CBB /* Products */ = {
			isa = PBXGroup;
			children = (
				1D6058910D05DD3D006BFB54 /* DayDayUp iOS.app */,
				5087E76F17EB910900C73F5D /* DayDayUp Mac.app */,
			);
			name = Products;
			sourceTree = "<group>";
		};
		1AC6FAE6180E9839004C840B /* Products */ = {
			isa = PBXGroup;
			children = (
				1AC6FAF9180E9839004C840B /* libcocos2d Mac.a */,
				1AC6FB07180E9839004C840B /* libcocos2d iOS.a */,
			);
			name = Products;
			sourceTree = "<group>";
		};
		29B97314FDCFA39411CA2CEA /* CustomTemplate */ = {
			isa = PBXGroup;
			children = (
				3A55E2121BFC495B001E09CD /* external */,
				46880B8319C43A87006E1F66 /* Classes */,
				46880B7519C43A67006E1F66 /* Resources */,
				1AC6FAE5180E9839004C840B /* cocos2d_libs.xcodeproj */,
				29B97323FDCFA39411CA2CEA /* Frameworks */,
				080E96DDFE201D6D7F000001 /* ios */,
				503AE10617EB990700D1A890 /* mac */,
				19C28FACFE9D520D11CA2CBB /* Products */,
			);
			name = CustomTemplate;
			sourceTree = "<group>";
		};
		29B97323FDCFA39411CA2CEA /* Frameworks */ = {
			isa = PBXGroup;
			children = (
				52B47A461A53D09B004E4C60 /* Security.framework */,
				D6B0611A1803AB670077942B /* CoreMotion.framework */,
				503AE11A17EB9C5A00D1A890 /* IOKit.framework */,
				503AE11117EB99EE00D1A890 /* libcurl.dylib */,
				5087E78A17EB975400C73F5D /* OpenGL.framework */,
				5087E78817EB974C00C73F5D /* AppKit.framework */,
				1ACB3243164770DE00914215 /* libcurl.a */,
				BF170DB412928DE900B8313A /* libz.dylib */,
				D44C620F132DFF4E0009C878 /* AudioToolbox.framework */,
				D44C620D132DFF430009C878 /* AVFoundation.framework */,
				288765A40DF7441C002DB57D /* CoreGraphics.framework */,
				1D30AB110D05D00D00671497 /* Foundation.framework */,
				D44C620B132DFF330009C878 /* OpenAL.framework */,
				BF170DB012928DE900B8313A /* OpenGLES.framework */,
				BF1C47EA1293683800B63C5D /* QuartzCore.framework */,
				1DF5F4DF0D08C38300B7A737 /* UIKit.framework */,
			);
			name = Frameworks;
			sourceTree = "<group>";
		};
		3A05662D1B8F4A2700113EFB /* Game */ = {
			isa = PBXGroup;
			children = (
				3AB00BE81B74379500E76FE4 /* NormalScene.cpp */,
				3AB00BE91B74379500E76FE4 /* NormalScene.h */,
				3A0565D31B8ED3C000113EFB /* ElasticityScene.cpp */,
				3A0565D41B8ED3C000113EFB /* ElasticityScene.h */,
				3A0566291B8F49B100113EFB /* TimeScene.cpp */,
				3A05662A1B8F49B200113EFB /* TimeScene.h */,
				3A05662E1B8F4B8900113EFB /* TwinkleScene.cpp */,
				3A05662F1B8F4B8900113EFB /* TwinkleScene.h */,
				3A0566321B8F4BB000113EFB /* DarkScene.cpp */,
				3A0566331B8F4BB000113EFB /* DarkScene.h */,
				3AA1C5101B9090DF0043E510 /* OppositeGravityScene.cpp */,
				3AA1C5111B9090DF0043E510 /* OppositeGravityScene.h */,
			);
			name = Game;
			sourceTree = "<group>";
		};
		3A55E2121BFC495B001E09CD /* external */ = {
			isa = PBXGroup;
			children = (
				3A55E2131BFC495B001E09CD /* UMCocos2dxAnalyticsLua */,
			);
			name = external;
			path = ../external;
			sourceTree = "<group>";
		};
		3A55E2131BFC495B001E09CD /* UMCocos2dxAnalyticsLua */ = {
			isa = PBXGroup;
			children = (
				3A55E2141BFC495B001E09CD /* android */,
				3A55E21F1BFC495B001E09CD /* ios */,
				3A55E2221BFC495B001E09CD /* lua_binding */,
				3A55E2291BFC495B001E09CD /* Lua版本集成文档.md */,
			);
			path = UMCocos2dxAnalyticsLua;
			sourceTree = "<group>";
		};
		3A55E2141BFC495B001E09CD /* android */ = {
			isa = PBXGroup;
			children = (
				3A55E2151BFC495B001E09CD /* libmobclickcpp */,
				3A55E21E1BFC495B001E09CD /* mobclickcpphelper.jar */,
			);
			path = android;
			sourceTree = "<group>";
		};
		3A55E2151BFC495B001E09CD /* libmobclickcpp */ = {
			isa = PBXGroup;
			children = (
				3A55E2161BFC495B001E09CD /* Android.mk */,
				3A55E2171BFC495B001E09CD /* include */,
				3A55E2191BFC495B001E09CD /* libs */,
			);
			path = libmobclickcpp;
			sourceTree = "<group>";
		};
		3A55E2171BFC495B001E09CD /* include */ = {
			isa = PBXGroup;
			children = (
				3A55E2181BFC495B001E09CD /* MobClickCpp.h */,
			);
			path = include;
			sourceTree = "<group>";
		};
		3A55E2191BFC495B001E09CD /* libs */ = {
			isa = PBXGroup;
			children = (
				3A55E21A1BFC495B001E09CD /* armeabi */,
				3A55E21C1BFC495B001E09CD /* armeabi-v7a */,
			);
			path = libs;
			sourceTree = "<group>";
		};
		3A55E21A1BFC495B001E09CD /* armeabi */ = {
			isa = PBXGroup;
			children = (
				3A55E21B1BFC495B001E09CD /* libmobclickcpp.so */,
			);
			path = armeabi;
			sourceTree = "<group>";
		};
		3A55E21C1BFC495B001E09CD /* armeabi-v7a */ = {
			isa = PBXGroup;
			children = (
				3A55E21D1BFC495B001E09CD /* libmobclickcpp.so */,
			);
			path = "armeabi-v7a";
			sourceTree = "<group>";
		};
		3A55E21F1BFC495B001E09CD /* ios */ = {
			isa = PBXGroup;
			children = (
				3A55E2201BFC495B001E09CD /* libMobClickCpp.a */,
				3A55E2211BFC495B001E09CD /* libMobClickCpp_no_idfa.a */,
			);
			path = ios;
			sourceTree = "<group>";
		};
		3A55E2221BFC495B001E09CD /* lua_binding */ = {
			isa = PBXGroup;
			children = (
				3A55E2231BFC495B001E09CD /* lua_binding.cpp */,
				3A55E2241BFC495B001E09CD /* lua_binding.h */,
				3A55E2251BFC495B001E09CD /* LuaBasicConversions.cpp */,
				3A55E2261BFC495B001E09CD /* LuaBasicConversions.h */,
				3A55E2271BFC495B001E09CD /* MobClickCpp.h */,
				3A55E2281BFC495B001E09CD /* MobClickForLua.lua */,
			);
			path = lua_binding;
			sourceTree = "<group>";
		};
		46880B7519C43A67006E1F66 /* Resources */ = {
			isa = PBXGroup;
			children = (
				3A8D384A1B9965AF00E821BA /* bg_country.mp3 */,
				3AD0D1791B9821C400198D1B /* menu_effect.png */,
				3AD0D1761B98204A00198D1B /* sliderThumb.png */,
				3AD0D17C1B9823D900198D1B /* menu_difficulty.png */,
				3AD0D1611B981F9900198D1B /* menu_deffect.png */,
				3AD0D1621B981F9900198D1B /* menu_effect_bg.png */,
				3AD0D17F1B98278B00198D1B /* menu_exit_btn.png */,
				3AD0D1651B981F9900198D1B /* menu_exit.png */,
				3AD0D1821B982A4F00198D1B /* menu_gohome.png */,
				3AD0D1661B981F9900198D1B /* menu_difficult_sellect.png */,
				3AD0D1671B981F9900198D1B /* menu_yinxiao.png */,
				3A0566361B8F63BF00113EFB /* sound_off.png */,
				3A0566371B8F63BF00113EFB /* sound_on.png */,
				3A962F291B93446A0080F9FB /* setting.png */,
				3A962F261B93428F0080F9FB /* setting_text.png */,
				3A0566231B8F46C400113EFB /* fireworks.plist */,
				3A0566051B8F173500113EFB /* stagelabel.fnt */,
				3A0566061B8F173500113EFB /* stagelabel.png */,
				3A0565D91B8EF6FD00113EFB /* menu_0000.png */,
				3A0565DA1B8EF6FD00113EFB /* menu_0001.png */,
				3A0565D81B8EF6FD00113EFB /* menu_0002.png */,
				3A0565D71B8EF6FD00113EFB /* menu_0003.png */,
				3AA1C50D1B908F880043E510 /* menu_0013.png */,
				3A0566021B8F168800113EFB /* menu_btn_bg.png */,
				3A0566111B8F1C6000113EFB /* menu_0004.png */,
				3A0566121B8F1C6000113EFB /* menu_0006.png */,
				3A0566131B8F1C6000113EFB /* menu_0008.png */,
				3A0566141B8F1C6000113EFB /* menu_0010.png */,
				3A0566151B8F1C6000113EFB /* menu_0012.png */,
				3A0565E01B8EF6FD00113EFB /* menu_bg1.png */,
				3A0565E11B8EF6FD00113EFB /* menu_bg2.png */,
				3A0565E21B8EF6FD00113EFB /* menu_bg3.png */,
				3AD6E9301B763D1E0015529C /* NewHigh.mp3 */,
				3AD6E91A1B763AE80015529C /* die1.mp3 */,
				3AD6E91B1B763AE80015529C /* faster.png */,
				3AD6E91C1B763AE80015529C /* flapSFX.mp3 */,
				3AD6E91D1B763AE80015529C /* point.mp3 */,
				3AD6E91E1B763AE80015529C /* ready.png */,
				3A7B1BCB1B7871AF00822AC2 /* gameoverBg.png */,
				3A7B1BCE1B7871C000822AC2 /* gameover.png */,
				3A7B1BE01B7895FB00822AC2 /* new.png */,
				3A55D3DF1B8E024200C55EC9 /* plane.png */,
				3A7B1BD41B7873A300822AC2 /* scoreBoard.png */,
				3A7B1BD11B7871DD00822AC2 /* button.png */,
				3A7B1BD71B78801E00822AC2 /* gameoverbtn.png */,
				3AD6E91F1B763AE80015529C /* tip.png */,
				3A07F8631B75885300E2021E /* blood.png */,
				3AB00BFA1B74C91200E76FE4 /* obstacle_rotation_sort_right.png */,
				3AB00BF41B74C1D400E76FE4 /* obstacle_rotation_long.png */,
				3A07F8661B758B5200E2021E /* bloodSpurts.plist */,
				3AB00BF51B74C1D400E76FE4 /* obstacle_rotation_sort_left.png */,
				3AB00BF01B74924E00E76FE4 /* obstacle_bar.png */,
				3AD6E9481B765E650015529C /* stagelabel.fnt */,
				3AD6E9491B765E650015529C /* stagelabel.png */,
				521A8EA819F11F5000D177D7 /* fonts */,
				3EACC98E19EE6D4300EB3C5E /* res */,
				3AB00BDF1B742FCF00E76FE4 /* bottom.png */,
				3AB00BEC1B74407A00E76FE4 /* obstacle.png */,
				3AB00BE21B7431E100E76FE4 /* bg.png */,
				3AB00BE51B74335300E76FE4 /* ball.png */,
			);
			name = Resources;
			path = ../Resources;
			sourceTree = "<group>";
		};
		46880B8319C43A87006E1F66 /* Classes */ = {
			isa = PBXGroup;
			children = (
				46880B8419C43A87006E1F66 /* AppDelegate.cpp */,
				46880B8519C43A87006E1F66 /* AppDelegate.h */,
				3A7B1BE31B78D66C00822AC2 /* MenuScene.cpp */,
				3A7B1BE41B78D66C00822AC2 /* MenuScene.h */,
				3AD0D1851B982C7300198D1B /* SettingScene.cpp */,
				3AD0D1861B982C7300198D1B /* SettingScene.h */,
				3A05662D1B8F4A2700113EFB /* Game */,
				3A7B1BC71B786DE800822AC2 /* GameOverLayer.cpp */,
				3A7B1BC81B786DE800822AC2 /* GameOverLayer.h */,
			);
			name = Classes;
			path = ../Classes;
			sourceTree = "<group>";
		};
		503AE0F517EB97AB00D1A890 /* Icons */ = {
			isa = PBXGroup;
			children = (
				503AE0F617EB97AB00D1A890 /* Icon.icns */,
				503AE0F717EB97AB00D1A890 /* Info.plist */,
			);
			name = Icons;
			path = mac;
			sourceTree = SOURCE_ROOT;
		};
		503AE10617EB990700D1A890 /* mac */ = {
			isa = PBXGroup;
			children = (
				503AE0F517EB97AB00D1A890 /* Icons */,
				503AE10317EB98FF00D1A890 /* main.cpp */,
				503AE10417EB98FF00D1A890 /* Prefix.pch */,
			);
			name = mac;
			sourceTree = "<group>";
		};
		5087E77117EB970100C73F5D /* Icons */ = {
			isa = PBXGroup;
			children = (
				521A8E6219F0C34300D177D7 /* Default-667h@2x.png */,
				521A8E6319F0C34300D177D7 /* Default-736h@3x.png */,
				5087E77217EB970100C73F5D /* Default-568h@2x.png */,
				5087E77317EB970100C73F5D /* Default.png */,
				5087E77417EB970100C73F5D /* Default@2x.png */,
				50EF62A017ECD613001EB2F8 /* Icon-29.png */,
				50EF62A117ECD613001EB2F8 /* Icon-50.png */,
				50EF629217ECD46A001EB2F8 /* Icon-40.png */,
				50EF629317ECD46A001EB2F8 /* Icon-58.png */,
				50EF629417ECD46A001EB2F8 /* Icon-80.png */,
				50EF629517ECD46A001EB2F8 /* Icon-100.png */,
				5087E77517EB970100C73F5D /* Icon-114.png */,
				5087E77617EB970100C73F5D /* Icon-120.png */,
				5087E77717EB970100C73F5D /* Icon-144.png */,
				5087E77817EB970100C73F5D /* Icon-152.png */,
				5087E77917EB970100C73F5D /* Icon-57.png */,
				5087E77A17EB970100C73F5D /* Icon-72.png */,
				5087E77B17EB970100C73F5D /* Icon-76.png */,
				5087E77C17EB970100C73F5D /* Info.plist */,
			);
			name = Icons;
			path = ios;
			sourceTree = SOURCE_ROOT;
		};
/* End PBXGroup section */

/* Begin PBXNativeTarget section */
		1D6058900D05DD3D006BFB54 /* DayDayUp iOS */ = {
			isa = PBXNativeTarget;
			buildConfigurationList = 1D6058960D05DD3E006BFB54 /* Build configuration list for PBXNativeTarget "DayDayUp iOS" */;
			buildPhases = (
				1D60588D0D05DD3D006BFB54 /* Resources */,
				1D60588E0D05DD3D006BFB54 /* Sources */,
				1D60588F0D05DD3D006BFB54 /* Frameworks */,
			);
			buildRules = (
			);
			dependencies = (
				1AC6FB25180E99E1004C840B /* PBXTargetDependency */,
			);
			name = "DayDayUp iOS";
			productName = iphone;
			productReference = 1D6058910D05DD3D006BFB54 /* DayDayUp iOS.app */;
			productType = "com.apple.product-type.application";
		};
		5087E73D17EB910900C73F5D /* DayDayUp Mac */ = {
			isa = PBXNativeTarget;
			buildConfigurationList = 5087E76C17EB910900C73F5D /* Build configuration list for PBXNativeTarget "DayDayUp Mac" */;
			buildPhases = (
				5087E74817EB910900C73F5D /* Resources */,
				5087E75617EB910900C73F5D /* Sources */,
				5087E75C17EB910900C73F5D /* Frameworks */,
			);
			buildRules = (
			);
			dependencies = (
				1AC6FB16180E9959004C840B /* PBXTargetDependency */,
			);
			name = "DayDayUp Mac";
			productName = iphone;
			productReference = 5087E76F17EB910900C73F5D /* DayDayUp Mac.app */;
			productType = "com.apple.product-type.application";
		};
/* End PBXNativeTarget section */

/* Begin PBXProject section */
		29B97313FDCFA39411CA2CEA /* Project object */ = {
			isa = PBXProject;
			attributes = {
				LastUpgradeCheck = 0500;
				TargetAttributes = {
					1D6058900D05DD3D006BFB54 = {
						DevelopmentTeam = VV79HC8N8H;
					};
				};
			};
			buildConfigurationList = C01FCF4E08A954540054247B /* Build configuration list for PBXProject "DayDayUp" */;
			compatibilityVersion = "Xcode 3.2";
			developmentRegion = English;
			hasScannedForEncodings = 1;
			knownRegions = (
				English,
				Japanese,
				French,
				German,
			);
			mainGroup = 29B97314FDCFA39411CA2CEA /* CustomTemplate */;
			projectDirPath = "";
			projectReferences = (
				{
					ProductGroup = 1AC6FAE6180E9839004C840B /* Products */;
					ProjectRef = 1AC6FAE5180E9839004C840B /* cocos2d_libs.xcodeproj */;
				},
			);
			projectRoot = "";
			targets = (
				1D6058900D05DD3D006BFB54 /* DayDayUp iOS */,
				5087E73D17EB910900C73F5D /* DayDayUp Mac */,
			);
		};
/* End PBXProject section */

/* Begin PBXReferenceProxy section */
		1AC6FAF9180E9839004C840B /* libcocos2d Mac.a */ = {
			isa = PBXReferenceProxy;
			fileType = archive.ar;
			path = "libcocos2d Mac.a";
			remoteRef = 1AC6FAF8180E9839004C840B /* PBXContainerItemProxy */;
			sourceTree = BUILT_PRODUCTS_DIR;
		};
		1AC6FB07180E9839004C840B /* libcocos2d iOS.a */ = {
			isa = PBXReferenceProxy;
			fileType = archive.ar;
			path = "libcocos2d iOS.a";
			remoteRef = 1AC6FB06180E9839004C840B /* PBXContainerItemProxy */;
			sourceTree = BUILT_PRODUCTS_DIR;
		};
/* End PBXReferenceProxy section */

/* Begin PBXResourcesBuildPhase section */
		1D60588D0D05DD3D006BFB54 /* Resources */ = {
			isa = PBXResourcesBuildPhase;
			buildActionMask = 2147483647;
			files = (
				5087E78117EB970100C73F5D /* Icon-120.png in Resources */,
				3A0565E51B8EF6FD00113EFB /* menu_0002.png in Resources */,
				3AA1C50E1B908F880043E510 /* menu_0013.png in Resources */,
				5087E78617EB970100C73F5D /* Icon-76.png in Resources */,
				3A0565E91B8EF6FD00113EFB /* menu_0001.png in Resources */,
				5087E77F17EB970100C73F5D /* Default@2x.png in Resources */,
				3AD0D1681B981F9900198D1B /* menu_deffect.png in Resources */,
				3A05661C1B8F1C6000113EFB /* menu_0010.png in Resources */,
				3A7B1BD51B7873A300822AC2 /* scoreBoard.png in Resources */,
				50EF629917ECD46A001EB2F8 /* Icon-100.png in Resources */,
				5087E78317EB970100C73F5D /* Icon-152.png in Resources */,
				3A07F8671B758B5200E2021E /* bloodSpurts.plist in Resources */,
				3AB00BE61B74335300E76FE4 /* ball.png in Resources */,
				3AD6E94A1B765E650015529C /* stagelabel.fnt in Resources */,
				3AD6E9371B763D1E0015529C /* NewHigh.mp3 in Resources */,
				5087E77D17EB970100C73F5D /* Default-568h@2x.png in Resources */,
				3A0566161B8F1C6000113EFB /* menu_0004.png in Resources */,
				5087E78517EB970100C73F5D /* Icon-72.png in Resources */,
				3A0566381B8F63BF00113EFB /* sound_off.png in Resources */,
				3A7B1BD81B78801E00822AC2 /* gameoverbtn.png in Resources */,
				3AD6E9261B763AE80015529C /* point.mp3 in Resources */,
				3AB00BF81B74C1D400E76FE4 /* obstacle_rotation_sort_left.png in Resources */,
				521A8E6519F0C34300D177D7 /* Default-736h@3x.png in Resources */,
				3A7B1BCC1B7871AF00822AC2 /* gameoverBg.png in Resources */,
				3AD0D1771B98204A00198D1B /* sliderThumb.png in Resources */,
				3A0565F51B8EF6FD00113EFB /* menu_bg1.png in Resources */,
				3A07F8641B75885300E2021E /* blood.png in Resources */,
				3AD0D1721B981F9900198D1B /* menu_difficult_sellect.png in Resources */,
				3AB00BF61B74C1D400E76FE4 /* obstacle_rotation_long.png in Resources */,
				3A55E22A1BFC495B001E09CD /* Android.mk in Resources */,
				3A0565E71B8EF6FD00113EFB /* menu_0000.png in Resources */,
				3AB00BE01B742FCF00E76FE4 /* bottom.png in Resources */,
				3AB00BF11B74924E00E76FE4 /* obstacle_bar.png in Resources */,
				521A8EA919F11F5000D177D7 /* fonts in Resources */,
				50EF62A317ECD613001EB2F8 /* Icon-50.png in Resources */,
				5087E78017EB970100C73F5D /* Icon-114.png in Resources */,
				3A8D384B1B9965AF00E821BA /* bg_country.mp3 in Resources */,
				3A0566181B8F1C6000113EFB /* menu_0006.png in Resources */,
				50EF62A217ECD613001EB2F8 /* Icon-29.png in Resources */,
				3A55E22C1BFC495B001E09CD /* libmobclickcpp.so in Resources */,
				3AD0D1801B98278B00198D1B /* menu_exit_btn.png in Resources */,
				50EF629617ECD46A001EB2F8 /* Icon-40.png in Resources */,
				3AD6E9221B763AE80015529C /* faster.png in Resources */,
				5087E78217EB970100C73F5D /* Icon-144.png in Resources */,
				3AD0D17D1B9823D900198D1B /* menu_difficulty.png in Resources */,
				3A05663A1B8F63BF00113EFB /* sound_on.png in Resources */,
				3AD0D1831B982A4F00198D1B /* menu_gohome.png in Resources */,
				3AD0D16A1B981F9900198D1B /* menu_effect_bg.png in Resources */,
				3A05660A1B8F173500113EFB /* stagelabel.png in Resources */,
				3EACC98F19EE6D4300EB3C5E /* res in Resources */,
				3A05661A1B8F1C6000113EFB /* menu_0008.png in Resources */,
				3AD0D17A1B9821C400198D1B /* menu_effect.png in Resources */,
				50EF629817ECD46A001EB2F8 /* Icon-80.png in Resources */,
				3AD6E92A1B763AE80015529C /* tip.png in Resources */,
				3A55D3E01B8E024200C55EC9 /* plane.png in Resources */,
				3A05661E1B8F1C6000113EFB /* menu_0012.png in Resources */,
				3A962F271B93428F0080F9FB /* setting_text.png in Resources */,
				3AD6E9201B763AE80015529C /* die1.mp3 in Resources */,
				3A962F2A1B93446A0080F9FB /* setting.png in Resources */,
				3A7B1BD21B7871DD00822AC2 /* button.png in Resources */,
				5087E78417EB970100C73F5D /* Icon-57.png in Resources */,
				3A55E2321BFC495B001E09CD /* MobClickForLua.lua in Resources */,
				3A7B1BE11B7895FB00822AC2 /* new.png in Resources */,
				3A0565F71B8EF6FD00113EFB /* menu_bg2.png in Resources */,
				3AD0D1741B981F9900198D1B /* menu_yinxiao.png in Resources */,
				3A55E22B1BFC495B001E09CD /* libmobclickcpp.so in Resources */,
				3AB00BED1B74407A00E76FE4 /* obstacle.png in Resources */,
				3AB00BFB1B74C91200E76FE4 /* obstacle_rotation_sort_right.png in Resources */,
				3AD6E9281B763AE80015529C /* ready.png in Resources */,
				3A0565F91B8EF6FD00113EFB /* menu_bg3.png in Resources */,
				3AB00BE31B7431E100E76FE4 /* bg.png in Resources */,
				5087E77E17EB970100C73F5D /* Default.png in Resources */,
				3A0566031B8F168800113EFB /* menu_btn_bg.png in Resources */,
				3A0566081B8F173500113EFB /* stagelabel.fnt in Resources */,
				3A0566241B8F46C400113EFB /* fireworks.plist in Resources */,
				3AD0D1701B981F9900198D1B /* menu_exit.png in Resources */,
				3AD6E94C1B765E650015529C /* stagelabel.png in Resources */,
				521A8E6419F0C34300D177D7 /* Default-667h@2x.png in Resources */,
				3AD6E9241B763AE80015529C /* flapSFX.mp3 in Resources */,
				50EF629717ECD46A001EB2F8 /* Icon-58.png in Resources */,
				3A0565E31B8EF6FD00113EFB /* menu_0003.png in Resources */,
				3A7B1BCF1B7871C000822AC2 /* gameover.png in Resources */,
			);
			runOnlyForDeploymentPostprocessing = 0;
		};
		5087E74817EB910900C73F5D /* Resources */ = {
			isa = PBXResourcesBuildPhase;
			buildActionMask = 2147483647;
			files = (
				3A7B1BE21B7895FB00822AC2 /* new.png in Resources */,
				3AB00BFC1B74C91200E76FE4 /* obstacle_rotation_sort_right.png in Resources */,
				3A05661F1B8F1C6000113EFB /* menu_0012.png in Resources */,
				3A0565EA1B8EF6FD00113EFB /* menu_0001.png in Resources */,
				3A0565E81B8EF6FD00113EFB /* menu_0000.png in Resources */,
				3AB00BEE1B74407A00E76FE4 /* obstacle.png in Resources */,
				3AD0D1691B981F9900198D1B /* menu_deffect.png in Resources */,
				3A05663B1B8F63BF00113EFB /* sound_on.png in Resources */,
				3A05661D1B8F1C6000113EFB /* menu_0010.png in Resources */,
				3A0566391B8F63BF00113EFB /* sound_off.png in Resources */,
				3AD0D16B1B981F9900198D1B /* menu_effect_bg.png in Resources */,
				3AD6E94B1B765E650015529C /* stagelabel.fnt in Resources */,
				503AE0F817EB97AB00D1A890 /* Icon.icns in Resources */,
				3AD0D1781B98204A00198D1B /* sliderThumb.png in Resources */,
				3AD0D1841B982A4F00198D1B /* menu_gohome.png in Resources */,
				3AB00BE71B74335300E76FE4 /* ball.png in Resources */,
				3A07F8681B758B5200E2021E /* bloodSpurts.plist in Resources */,
				3AA1C50F1B908F880043E510 /* menu_0013.png in Resources */,
				3AD6E92B1B763AE80015529C /* tip.png in Resources */,
				3AD0D1811B98278B00198D1B /* menu_exit_btn.png in Resources */,
				3A55D3E11B8E024200C55EC9 /* plane.png in Resources */,
				3AB00BF71B74C1D400E76FE4 /* obstacle_rotation_long.png in Resources */,
				3AD0D1711B981F9900198D1B /* menu_exit.png in Resources */,
				3AB00BE41B7431E100E76FE4 /* bg.png in Resources */,
				3A7B1BD31B7871DD00822AC2 /* button.png in Resources */,
				3A7B1BD01B7871C000822AC2 /* gameover.png in Resources */,
				3A05660B1B8F173500113EFB /* stagelabel.png in Resources */,
				3A05661B1B8F1C6000113EFB /* menu_0008.png in Resources */,
				3A0566171B8F1C6000113EFB /* menu_0004.png in Resources */,
				3EACC99019EE6D4300EB3C5E /* res in Resources */,
				3AD6E9231B763AE80015529C /* faster.png in Resources */,
				3AD6E9381B763D1E0015529C /* NewHigh.mp3 in Resources */,
				3A7B1BD91B78801E00822AC2 /* gameoverbtn.png in Resources */,
				3AD6E94D1B765E650015529C /* stagelabel.png in Resources */,
				3A962F281B93428F0080F9FB /* setting_text.png in Resources */,
				3AD6E9211B763AE80015529C /* die1.mp3 in Resources */,
				3A0565E41B8EF6FD00113EFB /* menu_0003.png in Resources */,
				3A7B1BCD1B7871AF00822AC2 /* gameoverBg.png in Resources */,
				3A0566191B8F1C6000113EFB /* menu_0006.png in Resources */,
				3A0566251B8F46C400113EFB /* fireworks.plist in Resources */,
				3A0565E61B8EF6FD00113EFB /* menu_0002.png in Resources */,
				3AB00BE11B742FCF00E76FE4 /* bottom.png in Resources */,
				3A0566091B8F173500113EFB /* stagelabel.fnt in Resources */,
				521A8EAA19F11F5000D177D7 /* fonts in Resources */,
				3A8D384C1B9965AF00E821BA /* bg_country.mp3 in Resources */,
				3A0565F61B8EF6FD00113EFB /* menu_bg1.png in Resources */,
				3AD6E9271B763AE80015529C /* point.mp3 in Resources */,
				3A0566041B8F168800113EFB /* menu_btn_bg.png in Resources */,
				3AB00BF91B74C1D400E76FE4 /* obstacle_rotation_sort_left.png in Resources */,
				3A0565F81B8EF6FD00113EFB /* menu_bg2.png in Resources */,
				3AD6E9251B763AE80015529C /* flapSFX.mp3 in Resources */,
				3AB00BF21B74924E00E76FE4 /* obstacle_bar.png in Resources */,
				3AD0D17E1B9823D900198D1B /* menu_difficulty.png in Resources */,
				3A962F2B1B93446A0080F9FB /* setting.png in Resources */,
				3AD0D1751B981F9900198D1B /* menu_yinxiao.png in Resources */,
				3AD0D17B1B9821C400198D1B /* menu_effect.png in Resources */,
				3A0565FA1B8EF6FD00113EFB /* menu_bg3.png in Resources */,
				3A7B1BD61B7873A300822AC2 /* scoreBoard.png in Resources */,
				3AD0D1731B981F9900198D1B /* menu_difficult_sellect.png in Resources */,
				3AD6E9291B763AE80015529C /* ready.png in Resources */,
			);
			runOnlyForDeploymentPostprocessing = 0;
		};
/* End PBXResourcesBuildPhase section */

/* Begin PBXSourcesBuildPhase section */
		1D60588E0D05DD3D006BFB54 /* Sources */ = {
			isa = PBXSourcesBuildPhase;
			buildActionMask = 2147483647;
			files = (
				3A55E2311BFC495B001E09CD /* LuaBasicConversions.cpp in Sources */,
				3A55E2331BFC495B001E09CD /* Lua版本集成文档.md in Sources */,
				46880B8819C43A87006E1F66 /* AppDelegate.cpp in Sources */,
				3A0566341B8F4BB000113EFB /* DarkScene.cpp in Sources */,
				503AE10017EB989F00D1A890 /* AppController.mm in Sources */,
				503AE10217EB989F00D1A890 /* RootViewController.mm in Sources */,
				3A05662B1B8F49B200113EFB /* TimeScene.cpp in Sources */,
				3A7B1BC91B786DE800822AC2 /* GameOverLayer.cpp in Sources */,
				3A0566301B8F4B8900113EFB /* TwinkleScene.cpp in Sources */,
				503AE10117EB989F00D1A890 /* main.m in Sources */,
				3A55E2301BFC495B001E09CD /* lua_binding.cpp in Sources */,
				3AD0D1871B982C7300198D1B /* SettingScene.cpp in Sources */,
				3AA1C5121B9090DF0043E510 /* OppositeGravityScene.cpp in Sources */,
				3A0565D51B8ED3C000113EFB /* ElasticityScene.cpp in Sources */,
				3AB00BEA1B74379500E76FE4 /* NormalScene.cpp in Sources */,
				3A7B1BE51B78D66C00822AC2 /* MenuScene.cpp in Sources */,
			);
			runOnlyForDeploymentPostprocessing = 0;
		};
		5087E75617EB910900C73F5D /* Sources */ = {
			isa = PBXSourcesBuildPhase;
			buildActionMask = 2147483647;
			files = (
				3AA1C5131B9090DF0043E510 /* OppositeGravityScene.cpp in Sources */,
				46880B8919C43A87006E1F66 /* AppDelegate.cpp in Sources */,
				3A0565D61B8ED3C000113EFB /* ElasticityScene.cpp in Sources */,
				3A7B1BCA1B786DE800822AC2 /* GameOverLayer.cpp in Sources */,
				3A7B1BE61B78D66C00822AC2 /* MenuScene.cpp in Sources */,
				3A05662C1B8F49B200113EFB /* TimeScene.cpp in Sources */,
				3AD0D1881B982C7300198D1B /* SettingScene.cpp in Sources */,
				3A0566351B8F4BB000113EFB /* DarkScene.cpp in Sources */,
				3A0566311B8F4B8900113EFB /* TwinkleScene.cpp in Sources */,
				3AB00BEB1B74379500E76FE4 /* NormalScene.cpp in Sources */,
				503AE10517EB98FF00D1A890 /* main.cpp in Sources */,
			);
			runOnlyForDeploymentPostprocessing = 0;
		};
/* End PBXSourcesBuildPhase section */

/* Begin PBXTargetDependency section */
		1AC6FB16180E9959004C840B /* PBXTargetDependency */ = {
			isa = PBXTargetDependency;
			name = "cocos2dx Mac";
			targetProxy = 1AC6FB15180E9959004C840B /* PBXContainerItemProxy */;
		};
		1AC6FB25180E99E1004C840B /* PBXTargetDependency */ = {
			isa = PBXTargetDependency;
			name = "cocos2dx iOS";
			targetProxy = 1AC6FB24180E99E1004C840B /* PBXContainerItemProxy */;
		};
/* End PBXTargetDependency section */

/* Begin XCBuildConfiguration section */
		1D6058940D05DD3E006BFB54 /* Debug */ = {
			isa = XCBuildConfiguration;
			buildSettings = {
				ALWAYS_SEARCH_USER_PATHS = YES;
				CODE_SIGN_IDENTITY = "iPhone Developer";
				"CODE_SIGN_IDENTITY[sdk=iphoneos*]" = "iPhone Developer";
				COMPRESS_PNG_FILES = NO;
				ENABLE_BITCODE = NO;
				GCC_DYNAMIC_NO_PIC = NO;
				GCC_INLINES_ARE_PRIVATE_EXTERN = NO;
				GCC_PRECOMPILE_PREFIX_HEADER = YES;
				GCC_PREFIX_HEADER = ios/Prefix.pch;
				GCC_PREPROCESSOR_DEFINITIONS = (
					USE_FILE32API,
					CC_TARGET_OS_IPHONE,
					"COCOS2D_DEBUG=1",
					"CC_ENABLE_CHIPMUNK_INTEGRATION=1",
				);
				GCC_SYMBOLS_PRIVATE_EXTERN = NO;
				HEADER_SEARCH_PATHS = (
					"$(inherited)",
					"$(SRCROOT)/../cocos2d/cocos/platform/ios",
					"$(SRCROOT)/../cocos2d/cocos/platform/ios/Simulation",
				);
				INFOPLIST_FILE = ios/Info.plist;
				IPHONEOS_DEPLOYMENT_TARGET = 6.0;
				LIBRARY_SEARCH_PATHS = "";
				OTHER_LDFLAGS = (
					"$(_COCOS_LIB_IOS_BEGIN)",
					"$(_COCOS_LIB_IOS_END)",
				);
				PROVISIONING_PROFILE = "";
				SDKROOT = iphoneos;
				TARGETED_DEVICE_FAMILY = "1,2";
				USER_HEADER_SEARCH_PATHS = "$(_COCOS_HEADER_IOS_BEGIN) $(_COCOS_HEADER_IOS_END)";
				VALID_ARCHS = "arm64 armv7";
			};
			name = Debug;
		};
		1D6058950D05DD3E006BFB54 /* Release */ = {
			isa = XCBuildConfiguration;
			buildSettings = {
				ALWAYS_SEARCH_USER_PATHS = YES;
				CODE_SIGN_IDENTITY = "iPhone Developer";
				"CODE_SIGN_IDENTITY[sdk=iphoneos*]" = "iPhone Developer";
				COMPRESS_PNG_FILES = NO;
				ENABLE_BITCODE = NO;
				GCC_INLINES_ARE_PRIVATE_EXTERN = NO;
				GCC_PRECOMPILE_PREFIX_HEADER = YES;
				GCC_PREFIX_HEADER = ios/Prefix.pch;
				GCC_PREPROCESSOR_DEFINITIONS = (
					USE_FILE32API,
					CC_TARGET_OS_IPHONE,
					"CC_ENABLE_CHIPMUNK_INTEGRATION=1",
				);
				GCC_SYMBOLS_PRIVATE_EXTERN = NO;
				HEADER_SEARCH_PATHS = (
					"$(inherited)",
					"$(SRCROOT)/../cocos2d/cocos/platform/ios",
					"$(SRCROOT)/../cocos2d/cocos/platform/ios/Simulation",
				);
				INFOPLIST_FILE = ios/Info.plist;
				IPHONEOS_DEPLOYMENT_TARGET = 6.0;
				LIBRARY_SEARCH_PATHS = "";
				OTHER_LDFLAGS = (
					"$(_COCOS_LIB_IOS_BEGIN)",
					"$(_COCOS_LIB_IOS_END)",
				);
				PROVISIONING_PROFILE = "";
				SDKROOT = iphoneos;
				TARGETED_DEVICE_FAMILY = "1,2";
				USER_HEADER_SEARCH_PATHS = "$(_COCOS_HEADER_IOS_BEGIN) $(_COCOS_HEADER_IOS_END)";
				VALID_ARCHS = "arm64 armv7";
			};
			name = Release;
		};
		5087E76D17EB910900C73F5D /* Debug */ = {
			isa = XCBuildConfiguration;
			buildSettings = {
				ALWAYS_SEARCH_USER_PATHS = YES;
				ARCHS = "$(ARCHS_STANDARD_64_BIT)";
				CLANG_CXX_LANGUAGE_STANDARD = "c++0x";
				CLANG_CXX_LIBRARY = "libc++";
				GCC_DYNAMIC_NO_PIC = NO;
				GCC_INLINES_ARE_PRIVATE_EXTERN = NO;
				GCC_PRECOMPILE_PREFIX_HEADER = YES;
				GCC_PREFIX_HEADER = mac/Prefix.pch;
				GCC_PREPROCESSOR_DEFINITIONS = (
					USE_FILE32API,
					CC_TARGET_OS_MAC,
					"COCOS2D_DEBUG=1",
					"CC_ENABLE_CHIPMUNK_INTEGRATION=1",
				);
				GCC_SYMBOLS_PRIVATE_EXTERN = NO;
				HEADER_SEARCH_PATHS = (
					"$(inherited)",
					"$(SRCROOT)/../cocos2d/cocos/platform/mac",
					"$(SRCROOT)/../cocos2d/external/glfw3/include/mac",
				);
				INFOPLIST_FILE = mac/Info.plist;
				LIBRARY_SEARCH_PATHS = "";
				OTHER_LDFLAGS = (
					"$(_COCOS_LIB_MAC_BEGIN)",
					"$(_COCOS_LIB_MAC_END)",
				);
				USER_HEADER_SEARCH_PATHS = "$(_COCOS_HEADER_MAC_BEGIN) $(_COCOS_HEADER_MAC_END)";
			};
			name = Debug;
		};
		5087E76E17EB910900C73F5D /* Release */ = {
			isa = XCBuildConfiguration;
			buildSettings = {
				ALWAYS_SEARCH_USER_PATHS = YES;
				ARCHS = "$(ARCHS_STANDARD_64_BIT)";
				CLANG_CXX_LANGUAGE_STANDARD = "c++0x";
				CLANG_CXX_LIBRARY = "libc++";
				GCC_INLINES_ARE_PRIVATE_EXTERN = NO;
				GCC_PRECOMPILE_PREFIX_HEADER = YES;
				GCC_PREFIX_HEADER = mac/Prefix.pch;
				GCC_PREPROCESSOR_DEFINITIONS = (
					USE_FILE32API,
					CC_TARGET_OS_MAC,
					"CC_ENABLE_CHIPMUNK_INTEGRATION=1",
				);
				GCC_SYMBOLS_PRIVATE_EXTERN = NO;
				HEADER_SEARCH_PATHS = (
					"$(inherited)",
					"$(SRCROOT)/../cocos2d/cocos/platform/mac",
					"$(SRCROOT)/../cocos2d/external/glfw3/include/mac",
				);
				INFOPLIST_FILE = mac/Info.plist;
				LIBRARY_SEARCH_PATHS = "";
				OTHER_LDFLAGS = (
					"$(_COCOS_LIB_MAC_BEGIN)",
					"$(_COCOS_LIB_MAC_END)",
				);
				USER_HEADER_SEARCH_PATHS = "$(_COCOS_HEADER_MAC_BEGIN) $(_COCOS_HEADER_MAC_END)";
			};
			name = Release;
		};
		C01FCF4F08A954540054247B /* Debug */ = {
			isa = XCBuildConfiguration;
			buildSettings = {
				CLANG_CXX_LANGUAGE_STANDARD = "c++0x";
				CLANG_CXX_LIBRARY = "libc++";
				COPY_PHASE_STRIP = NO;
				GCC_OPTIMIZATION_LEVEL = 0;
				GCC_WARN_ABOUT_RETURN_TYPE = YES;
				GCC_WARN_UNUSED_VARIABLE = YES;
				HEADER_SEARCH_PATHS = (
					"$(SRCROOT)/../cocos2d",
					"$(SRCROOT)/../cocos2d/cocos",
					"$(SRCROOT)/../cocos2d/cocos/base",
					"$(SRCROOT)/../cocos2d/cocos/physics",
					"$(SRCROOT)/../cocos2d/cocos/math",
					"$(SRCROOT)/../cocos2d/cocos/2d",
					"$(SRCROOT)/../cocos2d/cocos/ui",
					"$(SRCROOT)/../cocos2d/cocos/network",
					"$(SRCROOT)/../cocos2d/cocos/audio/include",
					"$(SRCROOT)/../cocos2d/cocos/editor-support",
					"$(SRCROOT)/../cocos2d/extensions",
					"$(SRCROOT)/../cocos2d/external",
					"$(SRCROOT)/../cocos2d/external/chipmunk/include/chipmunk",
				);
				MACOSX_DEPLOYMENT_TARGET = 10.7;
				ONLY_ACTIVE_ARCH = YES;
				PRODUCT_NAME = "$(TARGET_NAME)";
				SDKROOT = macosx;
			};
			name = Debug;
		};
		C01FCF5008A954540054247B /* Release */ = {
			isa = XCBuildConfiguration;
			buildSettings = {
				CLANG_CXX_LANGUAGE_STANDARD = "c++0x";
				CLANG_CXX_LIBRARY = "libc++";
				GCC_WARN_ABOUT_RETURN_TYPE = YES;
				GCC_WARN_UNUSED_VARIABLE = YES;
				HEADER_SEARCH_PATHS = (
					"$(SRCROOT)/../cocos2d",
					"$(SRCROOT)/../cocos2d/cocos",
					"$(SRCROOT)/../cocos2d/cocos/base",
					"$(SRCROOT)/../cocos2d/cocos/physics",
					"$(SRCROOT)/../cocos2d/cocos/math",
					"$(SRCROOT)/../cocos2d/cocos/2d",
					"$(SRCROOT)/../cocos2d/cocos/ui",
					"$(SRCROOT)/../cocos2d/cocos/network",
					"$(SRCROOT)/../cocos2d/cocos/audio/include",
					"$(SRCROOT)/../cocos2d/cocos/editor-support",
					"$(SRCROOT)/../cocos2d/extensions",
					"$(SRCROOT)/../cocos2d/external",
					"$(SRCROOT)/../cocos2d/external/chipmunk/include/chipmunk",
				);
				MACOSX_DEPLOYMENT_TARGET = 10.7;
				OTHER_CFLAGS = "-DNS_BLOCK_ASSERTIONS=1";
				PRODUCT_NAME = "$(TARGET_NAME)";
				SDKROOT = macosx;
				VALIDATE_PRODUCT = YES;
			};
			name = Release;
		};
/* End XCBuildConfiguration section */

/* Begin XCConfigurationList section */
		1D6058960D05DD3E006BFB54 /* Build configuration list for PBXNativeTarget "DayDayUp iOS" */ = {
			isa = XCConfigurationList;
			buildConfigurations = (
				1D6058940D05DD3E006BFB54 /* Debug */,
				1D6058950D05DD3E006BFB54 /* Release */,
			);
			defaultConfigurationIsVisible = 0;
			defaultConfigurationName = Debug;
		};
		5087E76C17EB910900C73F5D /* Build configuration list for PBXNativeTarget "DayDayUp Mac" */ = {
			isa = XCConfigurationList;
			buildConfigurations = (
				5087E76D17EB910900C73F5D /* Debug */,
				5087E76E17EB910900C73F5D /* Release */,
			);
			defaultConfigurationIsVisible = 0;
			defaultConfigurationName = Debug;
		};
		C01FCF4E08A954540054247B /* Build configuration list for PBXProject "DayDayUp" */ = {
			isa = XCConfigurationList;
			buildConfigurations = (
				C01FCF4F08A954540054247B /* Debug */,
				C01FCF5008A954540054247B /* Release */,
			);
			defaultConfigurationIsVisible = 0;
			defaultConfigurationName = Debug;
		};
/* End XCConfigurationList section */
	};
	rootObject = 29B97313FDCFA39411CA2CEA /* Project object */;
}
